// !$*UTF8*$!
{
	archiveVersion = 1;
	classes = {
	};
	objectVersion = 46;
	objects = {

/* Begin PBXBuildFile section */
		316D8FCA74AF7C7B0BB55115 /* Pods_SpeechRecognition.framework in Frameworks */ = {isa = PBXBuildFile; fileRef = 0D6EF50D547DB881435C6D59 /* Pods_SpeechRecognition.framework */; };
		3F070AD01EC8B26E003BFB3A /* MathView.swift in Sources */ = {isa = PBXBuildFile; fileRef = 3F070ACF1EC8B26E003BFB3A /* MathView.swift */; };
		3F070AD81EC959D8003BFB3A /* MathFormulaViewController.swift in Sources */ = {isa = PBXBuildFile; fileRef = 3F070AD61EC959D8003BFB3A /* MathFormulaViewController.swift */; };
		3F070ADB1EC95A69003BFB3A /* MathFormula.storyboard in Resources */ = {isa = PBXBuildFile; fileRef = 3F070ADA1EC95A69003BFB3A /* MathFormula.storyboard */; };
		3F3E5FD01EA3C86E006274C1 /* SettingCell.swift in Sources */ = {isa = PBXBuildFile; fileRef = 3F3E5FCF1EA3C86E006274C1 /* SettingCell.swift */; };
		3F3E5FD31EA3D531006274C1 /* UploaderManager.swift in Sources */ = {isa = PBXBuildFile; fileRef = 3F3E5FD21EA3D531006274C1 /* UploaderManager.swift */; };
		3F3E5FD51EA3D547006274C1 /* RecognizerManager.swift in Sources */ = {isa = PBXBuildFile; fileRef = 3F3E5FD41EA3D547006274C1 /* RecognizerManager.swift */; };
		3F3E5FD71EA463D6006274C1 /* WordInputView.swift in Sources */ = {isa = PBXBuildFile; fileRef = 3F3E5FD61EA463D6006274C1 /* WordInputView.swift */; };
		3F3E5FDB1EA5124D006274C1 /* UIScreen+Speech.swift in Sources */ = {isa = PBXBuildFile; fileRef = 3F3E5FDA1EA5124D006274C1 /* UIScreen+Speech.swift */; };
		3F3E5FDD1EA51788006274C1 /* UIView+Speech.swift in Sources */ = {isa = PBXBuildFile; fileRef = 3F3E5FDC1EA51788006274C1 /* UIView+Speech.swift */; };
		3F3E5FDF1EA51A18006274C1 /* UIImage+Speech.swift in Sources */ = {isa = PBXBuildFile; fileRef = 3F3E5FDE1EA51A18006274C1 /* UIImage+Speech.swift */; };
		3F3E60261EA79632006274C1 /* GestureFactory.swift in Sources */ = {isa = PBXBuildFile; fileRef = 3F3E60101EA79631006274C1 /* GestureFactory.swift */; };
		3F3E60271EA79632006274C1 /* TransformGestureRecognizers.swift in Sources */ = {isa = PBXBuildFile; fileRef = 3F3E60121EA79631006274C1 /* TransformGestureRecognizers.swift */; };
		3F3E60281EA79632006274C1 /* UIGestureRecognizer+RxGesture.swift in Sources */ = {isa = PBXBuildFile; fileRef = 3F3E60131EA79631006274C1 /* UIGestureRecognizer+RxGesture.swift */; };
		3F3E60291EA79632006274C1 /* UILongPressGestureRecognizer+RxGesture.swift in Sources */ = {isa = PBXBuildFile; fileRef = 3F3E60141EA79631006274C1 /* UILongPressGestureRecognizer+RxGesture.swift */; };
		3F3E602A1EA79632006274C1 /* UIPanGestureRecognizer+RxGesture.swift in Sources */ = {isa = PBXBuildFile; fileRef = 3F3E60151EA79631006274C1 /* UIPanGestureRecognizer+RxGesture.swift */; };
		3F3E602B1EA79632006274C1 /* UIPinchGestureRecognizer+RxGesture.swift in Sources */ = {isa = PBXBuildFile; fileRef = 3F3E60161EA79632006274C1 /* UIPinchGestureRecognizer+RxGesture.swift */; };
		3F3E602C1EA79632006274C1 /* UIRotationGestureRecognizer+RxGesture.swift in Sources */ = {isa = PBXBuildFile; fileRef = 3F3E60171EA79632006274C1 /* UIRotationGestureRecognizer+RxGesture.swift */; };
		3F3E602D1EA79632006274C1 /* UIScreenEdgePanGestureRecognizer+RxGesture.swift in Sources */ = {isa = PBXBuildFile; fileRef = 3F3E60181EA79632006274C1 /* UIScreenEdgePanGestureRecognizer+RxGesture.swift */; };
		3F3E602E1EA79632006274C1 /* UISwipeGestureRecognizer+RxGesture.swift in Sources */ = {isa = PBXBuildFile; fileRef = 3F3E60191EA79632006274C1 /* UISwipeGestureRecognizer+RxGesture.swift */; };
		3F3E602F1EA79632006274C1 /* UITapGestureRecognizer+RxGesture.swift in Sources */ = {isa = PBXBuildFile; fileRef = 3F3E601A1EA79632006274C1 /* UITapGestureRecognizer+RxGesture.swift */; };
		3F3E60371EA79632006274C1 /* PermissiveGestureRecognizerDelegate.swift in Sources */ = {isa = PBXBuildFile; fileRef = 3F3E60231EA79632006274C1 /* PermissiveGestureRecognizerDelegate.swift */; };
		3F3E60381EA79632006274C1 /* SharedTypes.swift in Sources */ = {isa = PBXBuildFile; fileRef = 3F3E60241EA79632006274C1 /* SharedTypes.swift */; };
		3F3E60391EA79632006274C1 /* View+RxGesture.swift in Sources */ = {isa = PBXBuildFile; fileRef = 3F3E60251EA79632006274C1 /* View+RxGesture.swift */; };
		3F3E603D1EA836EF006274C1 /* OpenAudioStreamCell.swift in Sources */ = {isa = PBXBuildFile; fileRef = 3F3E603C1EA836EF006274C1 /* OpenAudioStreamCell.swift */; };
		3F3E60431EAC7B68006274C1 /* SectionModel.swift in Sources */ = {isa = PBXBuildFile; fileRef = 3F3E60421EAC7B68006274C1 /* SectionModel.swift */; };
		3F3E60451EAC7F14006274C1 /* RxDataSources.framework in Frameworks */ = {isa = PBXBuildFile; fileRef = 3F3E60401EAC7B47006274C1 /* RxDataSources.framework */; };
		3F3E60461EAC7F14006274C1 /* RxDataSources.framework in CopyFiles */ = {isa = PBXBuildFile; fileRef = 3F3E60401EAC7B47006274C1 /* RxDataSources.framework */; settings = {ATTRIBUTES = (CodeSignOnCopy, RemoveHeadersOnCopy, ); }; };
		3F3E60481EAC80A6006274C1 /* UserDefaultable.swift in Sources */ = {isa = PBXBuildFile; fileRef = 3F3E60471EAC80A6006274C1 /* UserDefaultable.swift */; };
		3F937DD01EC87E160044803F /* CacheKey.swift in Sources */ = {isa = PBXBuildFile; fileRef = 3F937DCF1EC87E160044803F /* CacheKey.swift */; };
		3F937DD21EC880F70044803F /* Dictionary+Speech.swift in Sources */ = {isa = PBXBuildFile; fileRef = 3F937DD11EC880F70044803F /* Dictionary+Speech.swift */; };
		8686E1C51E90B5150083AC54 /* RxToolbarViewDelegateProxy.swift in Sources */ = {isa = PBXBuildFile; fileRef = 8686E1C41E90B5150083AC54 /* RxToolbarViewDelegateProxy.swift */; };
		8686E1C91E90B66C0083AC54 /* RxSwift.framework in Frameworks */ = {isa = PBXBuildFile; fileRef = 8686E1C71E90B66C0083AC54 /* RxSwift.framework */; };
		8686E1CF1E90B69C0083AC54 /* DynamicColor.framework in Frameworks */ = {isa = PBXBuildFile; fileRef = 8686E1CE1E90B69C0083AC54 /* DynamicColor.framework */; };
		8686E1D11E90BEEC0083AC54 /* DynamicColor.framework in CopyFiles */ = {isa = PBXBuildFile; fileRef = 8686E1CE1E90B69C0083AC54 /* DynamicColor.framework */; settings = {ATTRIBUTES = (CodeSignOnCopy, RemoveHeadersOnCopy, ); }; };
		8686E1D21E90BEEC0083AC54 /* SnapKit.framework in Frameworks */ = {isa = PBXBuildFile; fileRef = 8686E1CA1E90B6860083AC54 /* SnapKit.framework */; };
		8686E1D31E90BEEC0083AC54 /* SnapKit.framework in CopyFiles */ = {isa = PBXBuildFile; fileRef = 8686E1CA1E90B6860083AC54 /* SnapKit.framework */; settings = {ATTRIBUTES = (CodeSignOnCopy, RemoveHeadersOnCopy, ); }; };
		8686E1D41E90BEEC0083AC54 /* Then.framework in Frameworks */ = {isa = PBXBuildFile; fileRef = 8686E1CB1E90B6860083AC54 /* Then.framework */; };
		8686E1D51E90BEEC0083AC54 /* Then.framework in CopyFiles */ = {isa = PBXBuildFile; fileRef = 8686E1CB1E90B6860083AC54 /* Then.framework */; settings = {ATTRIBUTES = (CodeSignOnCopy, RemoveHeadersOnCopy, ); }; };
		8686E1D61E90BEEC0083AC54 /* RxCocoa.framework in Frameworks */ = {isa = PBXBuildFile; fileRef = 8686E1C61E90B66C0083AC54 /* RxCocoa.framework */; };
		8686E1D71E90BEEC0083AC54 /* RxCocoa.framework in CopyFiles */ = {isa = PBXBuildFile; fileRef = 8686E1C61E90B66C0083AC54 /* RxCocoa.framework */; settings = {ATTRIBUTES = (CodeSignOnCopy, RemoveHeadersOnCopy, ); }; };
		8686E1D91E90BEED0083AC54 /* RxSwift.framework in CopyFiles */ = {isa = PBXBuildFile; fileRef = 8686E1C71E90B66C0083AC54 /* RxSwift.framework */; settings = {ATTRIBUTES = (CodeSignOnCopy, RemoveHeadersOnCopy, ); }; };
		8686E1DC1E9125C70083AC54 /* RecordState.swift in Sources */ = {isa = PBXBuildFile; fileRef = 8686E1DB1E9125C70083AC54 /* RecordState.swift */; };
		896974FE96E77AD84357F30C /* Pods_SpeechRecognitionTests.framework in Frameworks */ = {isa = PBXBuildFile; fileRef = FAFD3F24816C419ECDE61BCC /* Pods_SpeechRecognitionTests.framework */; };
		F22FBD231E7FD7790006C753 /* AVFoundation.framework in Frameworks */ = {isa = PBXBuildFile; fileRef = F23E46611E76BEDC0051F0EA /* AVFoundation.framework */; };
		F23E465C1E76BEA40051F0EA /* iflyMSC.framework in Frameworks */ = {isa = PBXBuildFile; fileRef = F23E465B1E76BEA40051F0EA /* iflyMSC.framework */; };
		F23E465E1E76BECD0051F0EA /* libz.tbd in Frameworks */ = {isa = PBXBuildFile; fileRef = F23E465D1E76BECD0051F0EA /* libz.tbd */; };
		F23E46601E76BED50051F0EA /* CoreLocation.framework in Frameworks */ = {isa = PBXBuildFile; fileRef = F23E465F1E76BED50051F0EA /* CoreLocation.framework */; };
		F23E46641E76BEE80051F0EA /* AddressBook.framework in Frameworks */ = {isa = PBXBuildFile; fileRef = F23E46631E76BEE80051F0EA /* AddressBook.framework */; };
		F23E46661E76BEED0051F0EA /* Contacts.framework in Frameworks */ = {isa = PBXBuildFile; fileRef = F23E46651E76BEED0051F0EA /* Contacts.framework */; };
		F23E466A1E76BEFE0051F0EA /* AudioToolbox.framework in Frameworks */ = {isa = PBXBuildFile; fileRef = F23E46691E76BEFE0051F0EA /* AudioToolbox.framework */; };
		F23E466C1E76BF060051F0EA /* SystemConfiguration.framework in Frameworks */ = {isa = PBXBuildFile; fileRef = F23E466B1E76BF060051F0EA /* SystemConfiguration.framework */; };
		F23E466E1E76BF0D0051F0EA /* QuartzCore.framework in Frameworks */ = {isa = PBXBuildFile; fileRef = F23E466D1E76BF0D0051F0EA /* QuartzCore.framework */; };
		F23E46701E76BF170051F0EA /* UIKit.framework in Frameworks */ = {isa = PBXBuildFile; fileRef = F23E466F1E76BF170051F0EA /* UIKit.framework */; };
		F23E46721E76BF1E0051F0EA /* Foundation.framework in Frameworks */ = {isa = PBXBuildFile; fileRef = F23E46711E76BF1E0051F0EA /* Foundation.framework */; };
		F23E46741E76BF260051F0EA /* CoreGraphics.framework in Frameworks */ = {isa = PBXBuildFile; fileRef = F23E46731E76BF260051F0EA /* CoreGraphics.framework */; };
		F23E467C1E76C1670051F0EA /* libc++.tbd in Frameworks */ = {isa = PBXBuildFile; fileRef = F23E467B1E76C1670051F0EA /* libc++.tbd */; };
		F23E467E1E76C20B0051F0EA /* CoreTelephony.framework in Frameworks */ = {isa = PBXBuildFile; fileRef = F23E467D1E76C20B0051F0EA /* CoreTelephony.framework */; };
		F2C9BDBA1E8E55890030A24A /* AppDelegate.swift in Sources */ = {isa = PBXBuildFile; fileRef = F2C9BD991E8E55890030A24A /* AppDelegate.swift */; };
		F2C9BDBB1E8E55890030A24A /* Assets.xcassets in Resources */ = {isa = PBXBuildFile; fileRef = F2C9BD9A1E8E55890030A24A /* Assets.xcassets */; };
		F2C9BDBC1E8E55890030A24A /* LaunchScreen.storyboard in Resources */ = {isa = PBXBuildFile; fileRef = F2C9BD9B1E8E55890030A24A /* LaunchScreen.storyboard */; };
		F2C9BDBD1E8E55890030A24A /* Config.swift in Sources */ = {isa = PBXBuildFile; fileRef = F2C9BD9E1E8E55890030A24A /* Config.swift */; };
		F2C9BDBE1E8E55890030A24A /* SpeechConfig.swift in Sources */ = {isa = PBXBuildFile; fileRef = F2C9BD9F1E8E55890030A24A /* SpeechConfig.swift */; };
		F2C9BDBF1E8E55890030A24A /* MainNavigationController.swift in Sources */ = {isa = PBXBuildFile; fileRef = F2C9BDA11E8E55890030A24A /* MainNavigationController.swift */; };
		F2C9BDC01E8E55890030A24A /* MainViewController.swift in Sources */ = {isa = PBXBuildFile; fileRef = F2C9BDA21E8E55890030A24A /* MainViewController.swift */; };
		F2C9BDC11E8E55890030A24A /* DispatchQueue+Speech.swift in Sources */ = {isa = PBXBuildFile; fileRef = F2C9BDA41E8E55890030A24A /* DispatchQueue+Speech.swift */; };
		F2C9BDC21E8E55890030A24A /* Log.swift in Sources */ = {isa = PBXBuildFile; fileRef = F2C9BDA51E8E55890030A24A /* Log.swift */; };
		F2C9BDC31E8E55890030A24A /* String+Speech.swift in Sources */ = {isa = PBXBuildFile; fileRef = F2C9BDA61E8E55890030A24A /* String+Speech.swift */; };
		F2C9BDC41E8E55890030A24A /* UIAlertController+Speech.swift in Sources */ = {isa = PBXBuildFile; fileRef = F2C9BDA71E8E55890030A24A /* UIAlertController+Speech.swift */; };
		F2C9BDC51E8E55890030A24A /* UITableView+Speech.swift in Sources */ = {isa = PBXBuildFile; fileRef = F2C9BDA81E8E55890030A24A /* UITableView+Speech.swift */; };
		F2C9BDC61E8E55890030A24A /* ViewIdentifierReuseable.swift in Sources */ = {isa = PBXBuildFile; fileRef = F2C9BDA91E8E55890030A24A /* ViewIdentifierReuseable.swift */; };
		F2C9BDC81E8E55890030A24A /* ISRDataHelper.m in Sources */ = {isa = PBXBuildFile; fileRef = F2C9BDAD1E8E55890030A24A /* ISRDataHelper.m */; };
		F2C9BDC91E8E55890030A24A /* SpeedResultCell.swift in Sources */ = {isa = PBXBuildFile; fileRef = F2C9BDB11E8E55890030A24A /* SpeedResultCell.swift */; };
		F2C9BDCA1E8E55890030A24A /* ToolBarView.swift in Sources */ = {isa = PBXBuildFile; fileRef = F2C9BDB21E8E55890030A24A /* ToolBarView.swift */; };
		F2C9BDCB1E8E55890030A24A /* WaitingVoiceView.swift in Sources */ = {isa = PBXBuildFile; fileRef = F2C9BDB31E8E55890030A24A /* WaitingVoiceView.swift */; };
		F2C9BDD71E8E56650030A24A /* SpeechRecognitionTests.swift in Sources */ = {isa = PBXBuildFile; fileRef = F2C9BDD61E8E56650030A24A /* SpeechRecognitionTests.swift */; };
		F2C9BDE01E8E57220030A24A /* YYCache.framework in Frameworks */ = {isa = PBXBuildFile; fileRef = F2C9BDDE1E8E57150030A24A /* YYCache.framework */; };
		F2C9BDE11E8E57220030A24A /* YYCache.framework in CopyFiles */ = {isa = PBXBuildFile; fileRef = F2C9BDDE1E8E57150030A24A /* YYCache.framework */; settings = {ATTRIBUTES = (CodeSignOnCopy, RemoveHeadersOnCopy, ); }; };
		F2C9BE2C1E8E7C860030A24A /* CacheHelper.swift in Sources */ = {isa = PBXBuildFile; fileRef = F2C9BE2B1E8E7C860030A24A /* CacheHelper.swift */; };
		F2C9BE2E1E8E7EC20030A24A /* SettingViewController.swift in Sources */ = {isa = PBXBuildFile; fileRef = F2C9BE2D1E8E7EC20030A24A /* SettingViewController.swift */; };
		F2C9BE351E8FB0040030A24A /* MBProgressHUD+Speech.swift in Sources */ = {isa = PBXBuildFile; fileRef = F2C9BE341E8FB0040030A24A /* MBProgressHUD+Speech.swift */; };
		F2DEA0F81E7AC30E00B4104D /* MBProgressHUD.framework in Frameworks */ = {isa = PBXBuildFile; fileRef = F2DEA0F71E7AC30D00B4104D /* MBProgressHUD.framework */; };
		F2DEA1001E7AC3BB00B4104D /* MBProgressHUD.framework in CopyFiles */ = {isa = PBXBuildFile; fileRef = F2DEA0F71E7AC30D00B4104D /* MBProgressHUD.framework */; settings = {ATTRIBUTES = (CodeSignOnCopy, RemoveHeadersOnCopy, ); }; };
/* End PBXBuildFile section */

/* Begin PBXContainerItemProxy section */
		F2C9BDD91E8E56650030A24A /* PBXContainerItemProxy */ = {
			isa = PBXContainerItemProxy;
			containerPortal = F23E461F1E76BD430051F0EA /* Project object */;
			proxyType = 1;
			remoteGlobalIDString = F23E46261E76BD440051F0EA;
			remoteInfo = SpeechRecognition;
		};
/* End PBXContainerItemProxy section */

/* Begin PBXCopyFilesBuildPhase section */
		F2DEA0FD1E7AC39900B4104D /* CopyFiles */ = {
			isa = PBXCopyFilesBuildPhase;
			buildActionMask = 2147483647;
			dstPath = "";
			dstSubfolderSpec = 10;
			files = (
				8686E1D71E90BEEC0083AC54 /* RxCocoa.framework in CopyFiles */,
				8686E1D11E90BEEC0083AC54 /* DynamicColor.framework in CopyFiles */,
				8686E1D91E90BEED0083AC54 /* RxSwift.framework in CopyFiles */,
				3F3E60461EAC7F14006274C1 /* RxDataSources.framework in CopyFiles */,
				F2DEA1001E7AC3BB00B4104D /* MBProgressHUD.framework in CopyFiles */,
				F2C9BDE11E8E57220030A24A /* YYCache.framework in CopyFiles */,
				8686E1D31E90BEEC0083AC54 /* SnapKit.framework in CopyFiles */,
				8686E1D51E90BEEC0083AC54 /* Then.framework in CopyFiles */,
			);
			runOnlyForDeploymentPostprocessing = 0;
		};
/* End PBXCopyFilesBuildPhase section */

/* Begin PBXFileReference section */
		06A3ED29B4D6E16D6F31CB3B /* Pods-SpeechRecognitionTests.release.xcconfig */ = {isa = PBXFileReference; includeInIndex = 1; lastKnownFileType = text.xcconfig; name = "Pods-SpeechRecognitionTests.release.xcconfig"; path = "Pods/Target Support Files/Pods-SpeechRecognitionTests/Pods-SpeechRecognitionTests.release.xcconfig"; sourceTree = "<group>"; };
		0D6EF50D547DB881435C6D59 /* Pods_SpeechRecognition.framework */ = {isa = PBXFileReference; explicitFileType = wrapper.framework; includeInIndex = 0; path = Pods_SpeechRecognition.framework; sourceTree = BUILT_PRODUCTS_DIR; };
		3B21D86074D866E3C6480C25 /* Pods-SpeechRecognition.release.xcconfig */ = {isa = PBXFileReference; includeInIndex = 1; lastKnownFileType = text.xcconfig; name = "Pods-SpeechRecognition.release.xcconfig"; path = "Pods/Target Support Files/Pods-SpeechRecognition/Pods-SpeechRecognition.release.xcconfig"; sourceTree = "<group>"; };
		3F070ACF1EC8B26E003BFB3A /* MathView.swift */ = {isa = PBXFileReference; fileEncoding = 4; lastKnownFileType = sourcecode.swift; path = MathView.swift; sourceTree = "<group>"; };
		3F070AD61EC959D8003BFB3A /* MathFormulaViewController.swift */ = {isa = PBXFileReference; fileEncoding = 4; lastKnownFileType = sourcecode.swift; path = MathFormulaViewController.swift; sourceTree = "<group>"; };
		3F070ADA1EC95A69003BFB3A /* MathFormula.storyboard */ = {isa = PBXFileReference; fileEncoding = 4; lastKnownFileType = file.storyboard; path = MathFormula.storyboard; sourceTree = "<group>"; };
		3F3E5FCF1EA3C86E006274C1 /* SettingCell.swift */ = {isa = PBXFileReference; fileEncoding = 4; lastKnownFileType = sourcecode.swift; path = SettingCell.swift; sourceTree = "<group>"; };
		3F3E5FD21EA3D531006274C1 /* UploaderManager.swift */ = {isa = PBXFileReference; fileEncoding = 4; lastKnownFileType = sourcecode.swift; path = UploaderManager.swift; sourceTree = "<group>"; };
		3F3E5FD41EA3D547006274C1 /* RecognizerManager.swift */ = {isa = PBXFileReference; fileEncoding = 4; lastKnownFileType = sourcecode.swift; path = RecognizerManager.swift; sourceTree = "<group>"; };
		3F3E5FD61EA463D6006274C1 /* WordInputView.swift */ = {isa = PBXFileReference; fileEncoding = 4; lastKnownFileType = sourcecode.swift; path = WordInputView.swift; sourceTree = "<group>"; };
		3F3E5FDA1EA5124D006274C1 /* UIScreen+Speech.swift */ = {isa = PBXFileReference; fileEncoding = 4; lastKnownFileType = sourcecode.swift; path = "UIScreen+Speech.swift"; sourceTree = "<group>"; };
		3F3E5FDC1EA51788006274C1 /* UIView+Speech.swift */ = {isa = PBXFileReference; fileEncoding = 4; lastKnownFileType = sourcecode.swift; path = "UIView+Speech.swift"; sourceTree = "<group>"; };
		3F3E5FDE1EA51A18006274C1 /* UIImage+Speech.swift */ = {isa = PBXFileReference; fileEncoding = 4; lastKnownFileType = sourcecode.swift; path = "UIImage+Speech.swift"; sourceTree = "<group>"; };
		3F3E60101EA79631006274C1 /* GestureFactory.swift */ = {isa = PBXFileReference; fileEncoding = 4; lastKnownFileType = sourcecode.swift; path = GestureFactory.swift; sourceTree = "<group>"; };
		3F3E60121EA79631006274C1 /* TransformGestureRecognizers.swift */ = {isa = PBXFileReference; fileEncoding = 4; lastKnownFileType = sourcecode.swift; path = TransformGestureRecognizers.swift; sourceTree = "<group>"; };
		3F3E60131EA79631006274C1 /* UIGestureRecognizer+RxGesture.swift */ = {isa = PBXFileReference; fileEncoding = 4; lastKnownFileType = sourcecode.swift; path = "UIGestureRecognizer+RxGesture.swift"; sourceTree = "<group>"; };
		3F3E60141EA79631006274C1 /* UILongPressGestureRecognizer+RxGesture.swift */ = {isa = PBXFileReference; fileEncoding = 4; lastKnownFileType = sourcecode.swift; path = "UILongPressGestureRecognizer+RxGesture.swift"; sourceTree = "<group>"; };
		3F3E60151EA79631006274C1 /* UIPanGestureRecognizer+RxGesture.swift */ = {isa = PBXFileReference; fileEncoding = 4; lastKnownFileType = sourcecode.swift; path = "UIPanGestureRecognizer+RxGesture.swift"; sourceTree = "<group>"; };
		3F3E60161EA79632006274C1 /* UIPinchGestureRecognizer+RxGesture.swift */ = {isa = PBXFileReference; fileEncoding = 4; lastKnownFileType = sourcecode.swift; path = "UIPinchGestureRecognizer+RxGesture.swift"; sourceTree = "<group>"; };
		3F3E60171EA79632006274C1 /* UIRotationGestureRecognizer+RxGesture.swift */ = {isa = PBXFileReference; fileEncoding = 4; lastKnownFileType = sourcecode.swift; path = "UIRotationGestureRecognizer+RxGesture.swift"; sourceTree = "<group>"; };
		3F3E60181EA79632006274C1 /* UIScreenEdgePanGestureRecognizer+RxGesture.swift */ = {isa = PBXFileReference; fileEncoding = 4; lastKnownFileType = sourcecode.swift; path = "UIScreenEdgePanGestureRecognizer+RxGesture.swift"; sourceTree = "<group>"; };
		3F3E60191EA79632006274C1 /* UISwipeGestureRecognizer+RxGesture.swift */ = {isa = PBXFileReference; fileEncoding = 4; lastKnownFileType = sourcecode.swift; path = "UISwipeGestureRecognizer+RxGesture.swift"; sourceTree = "<group>"; };
		3F3E601A1EA79632006274C1 /* UITapGestureRecognizer+RxGesture.swift */ = {isa = PBXFileReference; fileEncoding = 4; lastKnownFileType = sourcecode.swift; path = "UITapGestureRecognizer+RxGesture.swift"; sourceTree = "<group>"; };
		3F3E60231EA79632006274C1 /* PermissiveGestureRecognizerDelegate.swift */ = {isa = PBXFileReference; fileEncoding = 4; lastKnownFileType = sourcecode.swift; path = PermissiveGestureRecognizerDelegate.swift; sourceTree = "<group>"; };
		3F3E60241EA79632006274C1 /* SharedTypes.swift */ = {isa = PBXFileReference; fileEncoding = 4; lastKnownFileType = sourcecode.swift; path = SharedTypes.swift; sourceTree = "<group>"; };
		3F3E60251EA79632006274C1 /* View+RxGesture.swift */ = {isa = PBXFileReference; fileEncoding = 4; lastKnownFileType = sourcecode.swift; path = "View+RxGesture.swift"; sourceTree = "<group>"; };
		3F3E603C1EA836EF006274C1 /* OpenAudioStreamCell.swift */ = {isa = PBXFileReference; fileEncoding = 4; lastKnownFileType = sourcecode.swift; path = OpenAudioStreamCell.swift; sourceTree = "<group>"; };
		3F3E60401EAC7B47006274C1 /* RxDataSources.framework */ = {isa = PBXFileReference; lastKnownFileType = wrapper.framework; path = RxDataSources.framework; sourceTree = "<group>"; };
		3F3E60421EAC7B68006274C1 /* SectionModel.swift */ = {isa = PBXFileReference; fileEncoding = 4; lastKnownFileType = sourcecode.swift; path = SectionModel.swift; sourceTree = "<group>"; };
		3F3E60471EAC80A6006274C1 /* UserDefaultable.swift */ = {isa = PBXFileReference; fileEncoding = 4; lastKnownFileType = sourcecode.swift; path = UserDefaultable.swift; sourceTree = "<group>"; };
		3F937DCF1EC87E160044803F /* CacheKey.swift */ = {isa = PBXFileReference; fileEncoding = 4; lastKnownFileType = sourcecode.swift; path = CacheKey.swift; sourceTree = "<group>"; };
		3F937DD11EC880F70044803F /* Dictionary+Speech.swift */ = {isa = PBXFileReference; fileEncoding = 4; lastKnownFileType = sourcecode.swift; path = "Dictionary+Speech.swift"; sourceTree = "<group>"; };
		47FEE8E321294CAF26BF4DCA /* Pods-SpeechRecognition.debug.xcconfig */ = {isa = PBXFileReference; includeInIndex = 1; lastKnownFileType = text.xcconfig; name = "Pods-SpeechRecognition.debug.xcconfig"; path = "Pods/Target Support Files/Pods-SpeechRecognition/Pods-SpeechRecognition.debug.xcconfig"; sourceTree = "<group>"; };
		8686E1C41E90B5150083AC54 /* RxToolbarViewDelegateProxy.swift */ = {isa = PBXFileReference; fileEncoding = 4; lastKnownFileType = sourcecode.swift; path = RxToolbarViewDelegateProxy.swift; sourceTree = "<group>"; };
		8686E1C61E90B66C0083AC54 /* RxCocoa.framework */ = {isa = PBXFileReference; lastKnownFileType = wrapper.framework; path = RxCocoa.framework; sourceTree = "<group>"; };
		8686E1C71E90B66C0083AC54 /* RxSwift.framework */ = {isa = PBXFileReference; lastKnownFileType = wrapper.framework; path = RxSwift.framework; sourceTree = "<group>"; };
		8686E1CA1E90B6860083AC54 /* SnapKit.framework */ = {isa = PBXFileReference; lastKnownFileType = wrapper.framework; path = SnapKit.framework; sourceTree = "<group>"; };
		8686E1CB1E90B6860083AC54 /* Then.framework */ = {isa = PBXFileReference; lastKnownFileType = wrapper.framework; path = Then.framework; sourceTree = "<group>"; };
		8686E1CE1E90B69C0083AC54 /* DynamicColor.framework */ = {isa = PBXFileReference; lastKnownFileType = wrapper.framework; path = DynamicColor.framework; sourceTree = "<group>"; };
		8686E1DB1E9125C70083AC54 /* RecordState.swift */ = {isa = PBXFileReference; fileEncoding = 4; lastKnownFileType = sourcecode.swift; path = RecordState.swift; sourceTree = "<group>"; };
		F23E46271E76BD440051F0EA /* SpeechRecognition.app */ = {isa = PBXFileReference; explicitFileType = wrapper.application; includeInIndex = 0; path = SpeechRecognition.app; sourceTree = BUILT_PRODUCTS_DIR; };
		F23E465B1E76BEA40051F0EA /* iflyMSC.framework */ = {isa = PBXFileReference; lastKnownFileType = wrapper.framework; path = iflyMSC.framework; sourceTree = "<group>"; };
		F23E465D1E76BECD0051F0EA /* libz.tbd */ = {isa = PBXFileReference; lastKnownFileType = "sourcecode.text-based-dylib-definition"; name = libz.tbd; path = usr/lib/libz.tbd; sourceTree = SDKROOT; };
		F23E465F1E76BED50051F0EA /* CoreLocation.framework */ = {isa = PBXFileReference; lastKnownFileType = wrapper.framework; name = CoreLocation.framework; path = System/Library/Frameworks/CoreLocation.framework; sourceTree = SDKROOT; };
		F23E46611E76BEDC0051F0EA /* AVFoundation.framework */ = {isa = PBXFileReference; lastKnownFileType = wrapper.framework; name = AVFoundation.framework; path = System/Library/Frameworks/AVFoundation.framework; sourceTree = SDKROOT; };
		F23E46631E76BEE80051F0EA /* AddressBook.framework */ = {isa = PBXFileReference; lastKnownFileType = wrapper.framework; name = AddressBook.framework; path = System/Library/Frameworks/AddressBook.framework; sourceTree = SDKROOT; };
		F23E46651E76BEED0051F0EA /* Contacts.framework */ = {isa = PBXFileReference; lastKnownFileType = wrapper.framework; name = Contacts.framework; path = System/Library/Frameworks/Contacts.framework; sourceTree = SDKROOT; };
		F23E46671E76BEF70051F0EA /* AudioUnit.framework */ = {isa = PBXFileReference; lastKnownFileType = wrapper.framework; name = AudioUnit.framework; path = System/Library/Frameworks/AudioUnit.framework; sourceTree = SDKROOT; };
		F23E46691E76BEFE0051F0EA /* AudioToolbox.framework */ = {isa = PBXFileReference; lastKnownFileType = wrapper.framework; name = AudioToolbox.framework; path = System/Library/Frameworks/AudioToolbox.framework; sourceTree = SDKROOT; };
		F23E466B1E76BF060051F0EA /* SystemConfiguration.framework */ = {isa = PBXFileReference; lastKnownFileType = wrapper.framework; name = SystemConfiguration.framework; path = System/Library/Frameworks/SystemConfiguration.framework; sourceTree = SDKROOT; };
		F23E466D1E76BF0D0051F0EA /* QuartzCore.framework */ = {isa = PBXFileReference; lastKnownFileType = wrapper.framework; name = QuartzCore.framework; path = System/Library/Frameworks/QuartzCore.framework; sourceTree = SDKROOT; };
		F23E466F1E76BF170051F0EA /* UIKit.framework */ = {isa = PBXFileReference; lastKnownFileType = wrapper.framework; name = UIKit.framework; path = System/Library/Frameworks/UIKit.framework; sourceTree = SDKROOT; };
		F23E46711E76BF1E0051F0EA /* Foundation.framework */ = {isa = PBXFileReference; lastKnownFileType = wrapper.framework; name = Foundation.framework; path = System/Library/Frameworks/Foundation.framework; sourceTree = SDKROOT; };
		F23E46731E76BF260051F0EA /* CoreGraphics.framework */ = {isa = PBXFileReference; lastKnownFileType = wrapper.framework; name = CoreGraphics.framework; path = System/Library/Frameworks/CoreGraphics.framework; sourceTree = SDKROOT; };
		F23E467B1E76C1670051F0EA /* libc++.tbd */ = {isa = PBXFileReference; lastKnownFileType = "sourcecode.text-based-dylib-definition"; name = "libc++.tbd"; path = "usr/lib/libc++.tbd"; sourceTree = SDKROOT; };
		F23E467D1E76C20B0051F0EA /* CoreTelephony.framework */ = {isa = PBXFileReference; lastKnownFileType = wrapper.framework; name = CoreTelephony.framework; path = System/Library/Frameworks/CoreTelephony.framework; sourceTree = SDKROOT; };
		F2C9BD991E8E55890030A24A /* AppDelegate.swift */ = {isa = PBXFileReference; fileEncoding = 4; lastKnownFileType = sourcecode.swift; path = AppDelegate.swift; sourceTree = "<group>"; };
		F2C9BD9A1E8E55890030A24A /* Assets.xcassets */ = {isa = PBXFileReference; lastKnownFileType = folder.assetcatalog; path = Assets.xcassets; sourceTree = "<group>"; };
		F2C9BD9C1E8E55890030A24A /* Base */ = {isa = PBXFileReference; lastKnownFileType = file.storyboard; name = Base; path = Base.lproj/LaunchScreen.storyboard; sourceTree = "<group>"; };
		F2C9BD9E1E8E55890030A24A /* Config.swift */ = {isa = PBXFileReference; fileEncoding = 4; lastKnownFileType = sourcecode.swift; path = Config.swift; sourceTree = "<group>"; };
		F2C9BD9F1E8E55890030A24A /* SpeechConfig.swift */ = {isa = PBXFileReference; fileEncoding = 4; lastKnownFileType = sourcecode.swift; path = SpeechConfig.swift; sourceTree = "<group>"; };
		F2C9BDA11E8E55890030A24A /* MainNavigationController.swift */ = {isa = PBXFileReference; fileEncoding = 4; lastKnownFileType = sourcecode.swift; path = MainNavigationController.swift; sourceTree = "<group>"; };
		F2C9BDA21E8E55890030A24A /* MainViewController.swift */ = {isa = PBXFileReference; fileEncoding = 4; lastKnownFileType = sourcecode.swift; path = MainViewController.swift; sourceTree = "<group>"; };
		F2C9BDA41E8E55890030A24A /* DispatchQueue+Speech.swift */ = {isa = PBXFileReference; fileEncoding = 4; lastKnownFileType = sourcecode.swift; path = "DispatchQueue+Speech.swift"; sourceTree = "<group>"; };
		F2C9BDA51E8E55890030A24A /* Log.swift */ = {isa = PBXFileReference; fileEncoding = 4; lastKnownFileType = sourcecode.swift; path = Log.swift; sourceTree = "<group>"; };
		F2C9BDA61E8E55890030A24A /* String+Speech.swift */ = {isa = PBXFileReference; fileEncoding = 4; lastKnownFileType = sourcecode.swift; path = "String+Speech.swift"; sourceTree = "<group>"; };
		F2C9BDA71E8E55890030A24A /* UIAlertController+Speech.swift */ = {isa = PBXFileReference; fileEncoding = 4; lastKnownFileType = sourcecode.swift; path = "UIAlertController+Speech.swift"; sourceTree = "<group>"; };
		F2C9BDA81E8E55890030A24A /* UITableView+Speech.swift */ = {isa = PBXFileReference; fileEncoding = 4; lastKnownFileType = sourcecode.swift; path = "UITableView+Speech.swift"; sourceTree = "<group>"; };
		F2C9BDA91E8E55890030A24A /* ViewIdentifierReuseable.swift */ = {isa = PBXFileReference; fileEncoding = 4; lastKnownFileType = sourcecode.swift; path = ViewIdentifierReuseable.swift; sourceTree = "<group>"; };
		F2C9BDAA1E8E55890030A24A /* Info.plist */ = {isa = PBXFileReference; fileEncoding = 4; lastKnownFileType = text.plist.xml; path = Info.plist; sourceTree = "<group>"; };
		F2C9BDAC1E8E55890030A24A /* ISRDataHelper.h */ = {isa = PBXFileReference; fileEncoding = 4; lastKnownFileType = sourcecode.c.h; path = ISRDataHelper.h; sourceTree = "<group>"; };
		F2C9BDAD1E8E55890030A24A /* ISRDataHelper.m */ = {isa = PBXFileReference; fileEncoding = 4; lastKnownFileType = sourcecode.c.objc; path = ISRDataHelper.m; sourceTree = "<group>"; };
		F2C9BDAE1E8E55890030A24A /* SpeechRecognition-Bridging-Header.h */ = {isa = PBXFileReference; fileEncoding = 4; lastKnownFileType = sourcecode.c.h; path = "SpeechRecognition-Bridging-Header.h"; sourceTree = "<group>"; };
		F2C9BDB11E8E55890030A24A /* SpeedResultCell.swift */ = {isa = PBXFileReference; fileEncoding = 4; lastKnownFileType = sourcecode.swift; path = SpeedResultCell.swift; sourceTree = "<group>"; };
		F2C9BDB21E8E55890030A24A /* ToolBarView.swift */ = {isa = PBXFileReference; fileEncoding = 4; lastKnownFileType = sourcecode.swift; path = ToolBarView.swift; sourceTree = "<group>"; };
		F2C9BDB31E8E55890030A24A /* WaitingVoiceView.swift */ = {isa = PBXFileReference; fileEncoding = 4; lastKnownFileType = sourcecode.swift; path = WaitingVoiceView.swift; sourceTree = "<group>"; };
		F2C9BDD41E8E56650030A24A /* SpeechRecognitionTests.xctest */ = {isa = PBXFileReference; explicitFileType = wrapper.cfbundle; includeInIndex = 0; path = SpeechRecognitionTests.xctest; sourceTree = BUILT_PRODUCTS_DIR; };
		F2C9BDD61E8E56650030A24A /* SpeechRecognitionTests.swift */ = {isa = PBXFileReference; lastKnownFileType = sourcecode.swift; path = SpeechRecognitionTests.swift; sourceTree = "<group>"; };
		F2C9BDD81E8E56650030A24A /* Info.plist */ = {isa = PBXFileReference; lastKnownFileType = text.plist.xml; path = Info.plist; sourceTree = "<group>"; };
		F2C9BDDE1E8E57150030A24A /* YYCache.framework */ = {isa = PBXFileReference; lastKnownFileType = wrapper.framework; path = YYCache.framework; sourceTree = "<group>"; };
		F2C9BE2B1E8E7C860030A24A /* CacheHelper.swift */ = {isa = PBXFileReference; fileEncoding = 4; lastKnownFileType = sourcecode.swift; path = CacheHelper.swift; sourceTree = "<group>"; };
		F2C9BE2D1E8E7EC20030A24A /* SettingViewController.swift */ = {isa = PBXFileReference; fileEncoding = 4; lastKnownFileType = sourcecode.swift; path = SettingViewController.swift; sourceTree = "<group>"; };
		F2C9BE341E8FB0040030A24A /* MBProgressHUD+Speech.swift */ = {isa = PBXFileReference; fileEncoding = 4; lastKnownFileType = sourcecode.swift; path = "MBProgressHUD+Speech.swift"; sourceTree = "<group>"; };
		F2DEA0F71E7AC30D00B4104D /* MBProgressHUD.framework */ = {isa = PBXFileReference; lastKnownFileType = wrapper.framework; path = MBProgressHUD.framework; sourceTree = "<group>"; };
		FAFD3F24816C419ECDE61BCC /* Pods_SpeechRecognitionTests.framework */ = {isa = PBXFileReference; explicitFileType = wrapper.framework; includeInIndex = 0; path = Pods_SpeechRecognitionTests.framework; sourceTree = BUILT_PRODUCTS_DIR; };
		FBA912A84E7BC498ECC4A709 /* Pods-SpeechRecognitionTests.debug.xcconfig */ = {isa = PBXFileReference; includeInIndex = 1; lastKnownFileType = text.xcconfig; name = "Pods-SpeechRecognitionTests.debug.xcconfig"; path = "Pods/Target Support Files/Pods-SpeechRecognitionTests/Pods-SpeechRecognitionTests.debug.xcconfig"; sourceTree = "<group>"; };
/* End PBXFileReference section */

/* Begin PBXFrameworksBuildPhase section */
		F23E46241E76BD440051F0EA /* Frameworks */ = {
			isa = PBXFrameworksBuildPhase;
			buildActionMask = 2147483647;
			files = (
				F22FBD231E7FD7790006C753 /* AVFoundation.framework in Frameworks */,
				F2C9BDE01E8E57220030A24A /* YYCache.framework in Frameworks */,
				F23E467E1E76C20B0051F0EA /* CoreTelephony.framework in Frameworks */,
				F23E467C1E76C1670051F0EA /* libc++.tbd in Frameworks */,
				F23E46741E76BF260051F0EA /* CoreGraphics.framework in Frameworks */,
				8686E1D61E90BEEC0083AC54 /* RxCocoa.framework in Frameworks */,
				F23E46721E76BF1E0051F0EA /* Foundation.framework in Frameworks */,
				8686E1D41E90BEEC0083AC54 /* Then.framework in Frameworks */,
				8686E1C91E90B66C0083AC54 /* RxSwift.framework in Frameworks */,
				F23E46701E76BF170051F0EA /* UIKit.framework in Frameworks */,
				F23E466E1E76BF0D0051F0EA /* QuartzCore.framework in Frameworks */,
				F23E466C1E76BF060051F0EA /* SystemConfiguration.framework in Frameworks */,
				F23E466A1E76BEFE0051F0EA /* AudioToolbox.framework in Frameworks */,
				8686E1D21E90BEEC0083AC54 /* SnapKit.framework in Frameworks */,
				F2DEA0F81E7AC30E00B4104D /* MBProgressHUD.framework in Frameworks */,
				F23E46661E76BEED0051F0EA /* Contacts.framework in Frameworks */,
				F23E46641E76BEE80051F0EA /* AddressBook.framework in Frameworks */,
				F23E46601E76BED50051F0EA /* CoreLocation.framework in Frameworks */,
				8686E1CF1E90B69C0083AC54 /* DynamicColor.framework in Frameworks */,
				F23E465E1E76BECD0051F0EA /* libz.tbd in Frameworks */,
				F23E465C1E76BEA40051F0EA /* iflyMSC.framework in Frameworks */,
				3F3E60451EAC7F14006274C1 /* RxDataSources.framework in Frameworks */,
				316D8FCA74AF7C7B0BB55115 /* Pods_SpeechRecognition.framework in Frameworks */,
			);
			runOnlyForDeploymentPostprocessing = 0;
		};
		F2C9BDD11E8E56650030A24A /* Frameworks */ = {
			isa = PBXFrameworksBuildPhase;
			buildActionMask = 2147483647;
			files = (
				896974FE96E77AD84357F30C /* Pods_SpeechRecognitionTests.framework in Frameworks */,
			);
			runOnlyForDeploymentPostprocessing = 0;
		};
/* End PBXFrameworksBuildPhase section */

/* Begin PBXGroup section */
		3AF668095649C55EE604BB2B /* Pods */ = {
			isa = PBXGroup;
			children = (
				47FEE8E321294CAF26BF4DCA /* Pods-SpeechRecognition.debug.xcconfig */,
				3B21D86074D866E3C6480C25 /* Pods-SpeechRecognition.release.xcconfig */,
				FBA912A84E7BC498ECC4A709 /* Pods-SpeechRecognitionTests.debug.xcconfig */,
				06A3ED29B4D6E16D6F31CB3B /* Pods-SpeechRecognitionTests.release.xcconfig */,
			);
			name = Pods;
			sourceTree = "<group>";
		};
		3F3E5FD11EA3D518006274C1 /* Manager */ = {
			isa = PBXGroup;
			children = (
				3F3E5FD21EA3D531006274C1 /* UploaderManager.swift */,
				3F3E5FD41EA3D547006274C1 /* RecognizerManager.swift */,
				3F3E60471EAC80A6006274C1 /* UserDefaultable.swift */,
			);
			name = Manager;
			sourceTree = "<group>";
		};
		3F3E5FE01EA7951D006274C1 /* Extensions */ = {
			isa = PBXGroup;
			children = (
				F2C9BDA41E8E55890030A24A /* DispatchQueue+Speech.swift */,
				F2C9BDA61E8E55890030A24A /* String+Speech.swift */,
				F2C9BDA71E8E55890030A24A /* UIAlertController+Speech.swift */,
				F2C9BDA81E8E55890030A24A /* UITableView+Speech.swift */,
				F2C9BDA91E8E55890030A24A /* ViewIdentifierReuseable.swift */,
				F2C9BE2B1E8E7C860030A24A /* CacheHelper.swift */,
				3F937DCF1EC87E160044803F /* CacheKey.swift */,
				3F937DD11EC880F70044803F /* Dictionary+Speech.swift */,
				F2C9BE341E8FB0040030A24A /* MBProgressHUD+Speech.swift */,
				3F3E5FDA1EA5124D006274C1 /* UIScreen+Speech.swift */,
				3F3E5FDC1EA51788006274C1 /* UIView+Speech.swift */,
				3F3E5FDE1EA51A18006274C1 /* UIImage+Speech.swift */,
			);
			name = Extensions;
			sourceTree = "<group>";
		};
		3F3E5FE11EA795A0006274C1 /* Support files */ = {
			isa = PBXGroup;
			children = (
				F2C9BD991E8E55890030A24A /* AppDelegate.swift */,
				F2C9BD9A1E8E55890030A24A /* Assets.xcassets */,
				F2C9BD9B1E8E55890030A24A /* LaunchScreen.storyboard */,
				F2C9BDAA1E8E55890030A24A /* Info.plist */,
				F2C9BDAE1E8E55890030A24A /* SpeechRecognition-Bridging-Header.h */,
			);
			name = "Support files";
			sourceTree = "<group>";
		};
		3F3E600E1EA79631006274C1 /* Vendor */ = {
			isa = PBXGroup;
			children = (
				3F3E600F1EA79631006274C1 /* RxGesture */,
			);
			path = Vendor;
			sourceTree = "<group>";
		};
		3F3E600F1EA79631006274C1 /* RxGesture */ = {
			isa = PBXGroup;
			children = (
				3F3E60101EA79631006274C1 /* GestureFactory.swift */,
				3F3E60111EA79631006274C1 /* iOS */,
				3F3E60231EA79632006274C1 /* PermissiveGestureRecognizerDelegate.swift */,
				3F3E60241EA79632006274C1 /* SharedTypes.swift */,
				3F3E60251EA79632006274C1 /* View+RxGesture.swift */,
			);
			path = RxGesture;
			sourceTree = "<group>";
		};
		3F3E60111EA79631006274C1 /* iOS */ = {
			isa = PBXGroup;
			children = (
				3F3E60121EA79631006274C1 /* TransformGestureRecognizers.swift */,
				3F3E60131EA79631006274C1 /* UIGestureRecognizer+RxGesture.swift */,
				3F3E60141EA79631006274C1 /* UILongPressGestureRecognizer+RxGesture.swift */,
				3F3E60151EA79631006274C1 /* UIPanGestureRecognizer+RxGesture.swift */,
				3F3E60161EA79632006274C1 /* UIPinchGestureRecognizer+RxGesture.swift */,
				3F3E60171EA79632006274C1 /* UIRotationGestureRecognizer+RxGesture.swift */,
				3F3E60181EA79632006274C1 /* UIScreenEdgePanGestureRecognizer+RxGesture.swift */,
				3F3E60191EA79632006274C1 /* UISwipeGestureRecognizer+RxGesture.swift */,
				3F3E601A1EA79632006274C1 /* UITapGestureRecognizer+RxGesture.swift */,
			);
			path = iOS;
			sourceTree = "<group>";
		};
		3F3E603A1EA7990D006274C1 /* Cell */ = {
			isa = PBXGroup;
			children = (
				F2C9BDB11E8E55890030A24A /* SpeedResultCell.swift */,
				3F3E5FCF1EA3C86E006274C1 /* SettingCell.swift */,
				3F3E603C1EA836EF006274C1 /* OpenAudioStreamCell.swift */,
			);
			name = Cell;
			sourceTree = "<group>";
		};
		8686E1C31E90B4350083AC54 /* Proxy */ = {
			isa = PBXGroup;
			children = (
				8686E1C41E90B5150083AC54 /* RxToolbarViewDelegateProxy.swift */,
				8686E1DB1E9125C70083AC54 /* RecordState.swift */,
			);
			name = Proxy;
			path = Views;
			sourceTree = "<group>";
		};
		F23E461E1E76BD430051F0EA = {
			isa = PBXGroup;
			children = (
				F2C9BD981E8E55890030A24A /* SpeechRecognition */,
				F2C9BDD51E8E56650030A24A /* SpeechRecognitionTests */,
				F23E46281E76BD440051F0EA /* Products */,
				F23E465A1E76BE9B0051F0EA /* Frameworks */,
				3AF668095649C55EE604BB2B /* Pods */,
			);
			sourceTree = "<group>";
		};
		F23E46281E76BD440051F0EA /* Products */ = {
			isa = PBXGroup;
			children = (
				F23E46271E76BD440051F0EA /* SpeechRecognition.app */,
				F2C9BDD41E8E56650030A24A /* SpeechRecognitionTests.xctest */,
			);
			name = Products;
			sourceTree = "<group>";
		};
		F23E465A1E76BE9B0051F0EA /* Frameworks */ = {
			isa = PBXGroup;
			children = (
				3F3E60401EAC7B47006274C1 /* RxDataSources.framework */,
				8686E1CE1E90B69C0083AC54 /* DynamicColor.framework */,
				8686E1CA1E90B6860083AC54 /* SnapKit.framework */,
				8686E1CB1E90B6860083AC54 /* Then.framework */,
				8686E1C61E90B66C0083AC54 /* RxCocoa.framework */,
				8686E1C71E90B66C0083AC54 /* RxSwift.framework */,
				F2C9BDDE1E8E57150030A24A /* YYCache.framework */,
				F2DEA0F71E7AC30D00B4104D /* MBProgressHUD.framework */,
				F23E467D1E76C20B0051F0EA /* CoreTelephony.framework */,
				F23E467B1E76C1670051F0EA /* libc++.tbd */,
				F23E46731E76BF260051F0EA /* CoreGraphics.framework */,
				F23E46711E76BF1E0051F0EA /* Foundation.framework */,
				F23E466F1E76BF170051F0EA /* UIKit.framework */,
				F23E466D1E76BF0D0051F0EA /* QuartzCore.framework */,
				F23E466B1E76BF060051F0EA /* SystemConfiguration.framework */,
				F23E46691E76BEFE0051F0EA /* AudioToolbox.framework */,
				F23E46671E76BEF70051F0EA /* AudioUnit.framework */,
				F23E46651E76BEED0051F0EA /* Contacts.framework */,
				F23E46631E76BEE80051F0EA /* AddressBook.framework */,
				F23E46611E76BEDC0051F0EA /* AVFoundation.framework */,
				F23E465F1E76BED50051F0EA /* CoreLocation.framework */,
				F23E465D1E76BECD0051F0EA /* libz.tbd */,
				F23E465B1E76BEA40051F0EA /* iflyMSC.framework */,
				0D6EF50D547DB881435C6D59 /* Pods_SpeechRecognition.framework */,
				FAFD3F24816C419ECDE61BCC /* Pods_SpeechRecognitionTests.framework */,
			);
			path = Frameworks;
			sourceTree = "<group>";
		};
		F2C9BD981E8E55890030A24A /* SpeechRecognition */ = {
			isa = PBXGroup;
			children = (
				3F3E600E1EA79631006274C1 /* Vendor */,
				3F3E5FE11EA795A0006274C1 /* Support files */,
				F2C9BD9D1E8E55890030A24A /* Configs */,
				F2C9BDA01E8E55890030A24A /* Controllers */,
				F2C9BDA31E8E55890030A24A /* Helper */,
				F2C9BDAB1E8E55890030A24A /* Models */,
				F2C9BDAF1E8E55890030A24A /* ViewModels */,
				8686E1C31E90B4350083AC54 /* Proxy */,
				F2C9BDB01E8E55890030A24A /* Views */,
			);
			path = SpeechRecognition;
			sourceTree = "<group>";
		};
		F2C9BD9D1E8E55890030A24A /* Configs */ = {
			isa = PBXGroup;
			children = (
				F2C9BD9E1E8E55890030A24A /* Config.swift */,
				F2C9BD9F1E8E55890030A24A /* SpeechConfig.swift */,
			);
			path = Configs;
			sourceTree = "<group>";
		};
		F2C9BDA01E8E55890030A24A /* Controllers */ = {
			isa = PBXGroup;
			children = (
				F2C9BDA11E8E55890030A24A /* MainNavigationController.swift */,
				F2C9BDA21E8E55890030A24A /* MainViewController.swift */,
				F2C9BE2D1E8E7EC20030A24A /* SettingViewController.swift */,
				3F070AD61EC959D8003BFB3A /* MathFormulaViewController.swift */,
				3F070ADA1EC95A69003BFB3A /* MathFormula.storyboard */,
			);
			path = Controllers;
			sourceTree = "<group>";
		};
		F2C9BDA31E8E55890030A24A /* Helper */ = {
			isa = PBXGroup;
			children = (
				3F3E5FE01EA7951D006274C1 /* Extensions */,
				3F3E5FD11EA3D518006274C1 /* Manager */,
				F2C9BDA51E8E55890030A24A /* Log.swift */,
			);
			path = Helper;
			sourceTree = "<group>";
		};
		F2C9BDAB1E8E55890030A24A /* Models */ = {
			isa = PBXGroup;
			children = (
				F2C9BDAC1E8E55890030A24A /* ISRDataHelper.h */,
				F2C9BDAD1E8E55890030A24A /* ISRDataHelper.m */,
			);
			path = Models;
			sourceTree = "<group>";
		};
		F2C9BDAF1E8E55890030A24A /* ViewModels */ = {
			isa = PBXGroup;
			children = (
				3F3E60421EAC7B68006274C1 /* SectionModel.swift */,
			);
			path = ViewModels;
			sourceTree = "<group>";
		};
		F2C9BDB01E8E55890030A24A /* Views */ = {
			isa = PBXGroup;
			children = (
				3F3E603A1EA7990D006274C1 /* Cell */,
				F2C9BDB21E8E55890030A24A /* ToolBarView.swift */,
				3F070ACF1EC8B26E003BFB3A /* MathView.swift */,
				F2C9BDB31E8E55890030A24A /* WaitingVoiceView.swift */,
				3F3E5FD61EA463D6006274C1 /* WordInputView.swift */,
			);
			path = Views;
			sourceTree = "<group>";
		};
		F2C9BDD51E8E56650030A24A /* SpeechRecognitionTests */ = {
			isa = PBXGroup;
			children = (
				F2C9BDD61E8E56650030A24A /* SpeechRecognitionTests.swift */,
				F2C9BDD81E8E56650030A24A /* Info.plist */,
			);
			path = SpeechRecognitionTests;
			sourceTree = "<group>";
		};
/* End PBXGroup section */

/* Begin PBXNativeTarget section */
		F23E46261E76BD440051F0EA /* SpeechRecognition */ = {
			isa = PBXNativeTarget;
			buildConfigurationList = F23E464F1E76BD440051F0EA /* Build configuration list for PBXNativeTarget "SpeechRecognition" */;
			buildPhases = (
				10449BF7D0C17BCD3DFF6A4F /* [CP] Check Pods Manifest.lock */,
				F23E46231E76BD440051F0EA /* Sources */,
				F23E46241E76BD440051F0EA /* Frameworks */,
				F23E46251E76BD440051F0EA /* Resources */,
				F2DEA0FD1E7AC39900B4104D /* CopyFiles */,
				82309C216D805D26EEA15EA1 /* [CP] Embed Pods Frameworks */,
				ED23D0D3328FCCFFC5074B7C /* [CP] Copy Pods Resources */,
			);
			buildRules = (
			);
			dependencies = (
			);
			name = SpeechRecognition;
			productName = SpeedRecognition;
			productReference = F23E46271E76BD440051F0EA /* SpeechRecognition.app */;
			productType = "com.apple.product-type.application";
		};
		F2C9BDD31E8E56650030A24A /* SpeechRecognitionTests */ = {
			isa = PBXNativeTarget;
			buildConfigurationList = F2C9BDDB1E8E56650030A24A /* Build configuration list for PBXNativeTarget "SpeechRecognitionTests" */;
			buildPhases = (
				8A883A449F98D44EC2C72E75 /* [CP] Check Pods Manifest.lock */,
				F2C9BDD01E8E56650030A24A /* Sources */,
				F2C9BDD11E8E56650030A24A /* Frameworks */,
				F2C9BDD21E8E56650030A24A /* Resources */,
				69540239DD6C8941787B6EC6 /* [CP] Embed Pods Frameworks */,
				3EA122011A88AB153E857464 /* [CP] Copy Pods Resources */,
			);
			buildRules = (
			);
			dependencies = (
				F2C9BDDA1E8E56650030A24A /* PBXTargetDependency */,
			);
			name = SpeechRecognitionTests;
			productName = SpeechRecognitionTests;
			productReference = F2C9BDD41E8E56650030A24A /* SpeechRecognitionTests.xctest */;
			productType = "com.apple.product-type.bundle.unit-test";
		};
/* End PBXNativeTarget section */

/* Begin PBXProject section */
		F23E461F1E76BD430051F0EA /* Project object */ = {
			isa = PBXProject;
			attributes = {
				LastSwiftUpdateCheck = 0820;
				LastUpgradeCheck = 0820;
				ORGANIZATIONNAME = "Qiun Cheng";
				TargetAttributes = {
					F23E46261E76BD440051F0EA = {
						CreatedOnToolsVersion = 8.2.1;
						DevelopmentTeam = AXEMXHF2MM;
						LastSwiftMigration = 0820;
						ProvisioningStyle = Automatic;
					};
					F2C9BDD31E8E56650030A24A = {
						CreatedOnToolsVersion = 8.2.1;
						ProvisioningStyle = Automatic;
						TestTargetID = F23E46261E76BD440051F0EA;
					};
				};
			};
			buildConfigurationList = F23E46221E76BD430051F0EA /* Build configuration list for PBXProject "SpeechRecognition" */;
			compatibilityVersion = "Xcode 3.2";
			developmentRegion = English;
			hasScannedForEncodings = 0;
			knownRegions = (
				en,
				Base,
			);
			mainGroup = F23E461E1E76BD430051F0EA;
			productRefGroup = F23E46281E76BD440051F0EA /* Products */;
			projectDirPath = "";
			projectRoot = "";
			targets = (
				F23E46261E76BD440051F0EA /* SpeechRecognition */,
				F2C9BDD31E8E56650030A24A /* SpeechRecognitionTests */,
			);
		};
/* End PBXProject section */

/* Begin PBXResourcesBuildPhase section */
		F23E46251E76BD440051F0EA /* Resources */ = {
			isa = PBXResourcesBuildPhase;
			buildActionMask = 2147483647;
			files = (
				F2C9BDBB1E8E55890030A24A /* Assets.xcassets in Resources */,
				F2C9BDBC1E8E55890030A24A /* LaunchScreen.storyboard in Resources */,
				3F070ADB1EC95A69003BFB3A /* MathFormula.storyboard in Resources */,
			);
			runOnlyForDeploymentPostprocessing = 0;
		};
		F2C9BDD21E8E56650030A24A /* Resources */ = {
			isa = PBXResourcesBuildPhase;
			buildActionMask = 2147483647;
			files = (
			);
			runOnlyForDeploymentPostprocessing = 0;
		};
/* End PBXResourcesBuildPhase section */

/* Begin PBXShellScriptBuildPhase section */
		10449BF7D0C17BCD3DFF6A4F /* [CP] Check Pods Manifest.lock */ = {
			isa = PBXShellScriptBuildPhase;
			buildActionMask = 2147483647;
			files = (
			);
			inputPaths = (
			);
			name = "[CP] Check Pods Manifest.lock";
			outputPaths = (
			);
			runOnlyForDeploymentPostprocessing = 0;
			shellPath = /bin/sh;
			shellScript = "diff \"${PODS_ROOT}/../Podfile.lock\" \"${PODS_ROOT}/Manifest.lock\" > /dev/null\nif [ $? != 0 ] ; then\n    # print error to STDERR\n    echo \"error: The sandbox is not in sync with the Podfile.lock. Run 'pod install' or update your CocoaPods installation.\" >&2\n    exit 1\nfi\n";
			showEnvVarsInLog = 0;
		};
		3EA122011A88AB153E857464 /* [CP] Copy Pods Resources */ = {
			isa = PBXShellScriptBuildPhase;
			buildActionMask = 2147483647;
			files = (
			);
			inputPaths = (
			);
			name = "[CP] Copy Pods Resources";
			outputPaths = (
			);
			runOnlyForDeploymentPostprocessing = 0;
			shellPath = /bin/sh;
			shellScript = "\"${SRCROOT}/Pods/Target Support Files/Pods-SpeechRecognitionTests/Pods-SpeechRecognitionTests-resources.sh\"\n";
			showEnvVarsInLog = 0;
		};
		69540239DD6C8941787B6EC6 /* [CP] Embed Pods Frameworks */ = {
			isa = PBXShellScriptBuildPhase;
			buildActionMask = 2147483647;
			files = (
			);
			inputPaths = (
			);
			name = "[CP] Embed Pods Frameworks";
			outputPaths = (
			);
			runOnlyForDeploymentPostprocessing = 0;
			shellPath = /bin/sh;
			shellScript = "\"${SRCROOT}/Pods/Target Support Files/Pods-SpeechRecognitionTests/Pods-SpeechRecognitionTests-frameworks.sh\"\n";
			showEnvVarsInLog = 0;
		};
		82309C216D805D26EEA15EA1 /* [CP] Embed Pods Frameworks */ = {
			isa = PBXShellScriptBuildPhase;
			buildActionMask = 2147483647;
			files = (
			);
			inputPaths = (
			);
			name = "[CP] Embed Pods Frameworks";
			outputPaths = (
			);
			runOnlyForDeploymentPostprocessing = 0;
			shellPath = /bin/sh;
			shellScript = "\"${SRCROOT}/Pods/Target Support Files/Pods-SpeechRecognition/Pods-SpeechRecognition-frameworks.sh\"\n";
			showEnvVarsInLog = 0;
		};
		8A883A449F98D44EC2C72E75 /* [CP] Check Pods Manifest.lock */ = {
			isa = PBXShellScriptBuildPhase;
			buildActionMask = 2147483647;
			files = (
			);
			inputPaths = (
			);
			name = "[CP] Check Pods Manifest.lock";
			outputPaths = (
			);
			runOnlyForDeploymentPostprocessing = 0;
			shellPath = /bin/sh;
			shellScript = "diff \"${PODS_ROOT}/../Podfile.lock\" \"${PODS_ROOT}/Manifest.lock\" > /dev/null\nif [ $? != 0 ] ; then\n    # print error to STDERR\n    echo \"error: The sandbox is not in sync with the Podfile.lock. Run 'pod install' or update your CocoaPods installation.\" >&2\n    exit 1\nfi\n";
			showEnvVarsInLog = 0;
		};
		ED23D0D3328FCCFFC5074B7C /* [CP] Copy Pods Resources */ = {
			isa = PBXShellScriptBuildPhase;
			buildActionMask = 2147483647;
			files = (
			);
			inputPaths = (
			);
			name = "[CP] Copy Pods Resources";
			outputPaths = (
			);
			runOnlyForDeploymentPostprocessing = 0;
			shellPath = /bin/sh;
			shellScript = "\"${SRCROOT}/Pods/Target Support Files/Pods-SpeechRecognition/Pods-SpeechRecognition-resources.sh\"\n";
			showEnvVarsInLog = 0;
		};
/* End PBXShellScriptBuildPhase section */

/* Begin PBXSourcesBuildPhase section */
		F23E46231E76BD440051F0EA /* Sources */ = {
			isa = PBXSourcesBuildPhase;
			buildActionMask = 2147483647;
			files = (
				3F3E5FD51EA3D547006274C1 /* RecognizerManager.swift in Sources */,
				F2C9BE2C1E8E7C860030A24A /* CacheHelper.swift in Sources */,
				8686E1C51E90B5150083AC54 /* RxToolbarViewDelegateProxy.swift in Sources */,
				F2C9BDC31E8E55890030A24A /* String+Speech.swift in Sources */,
				F2C9BDBA1E8E55890030A24A /* AppDelegate.swift in Sources */,
				3F3E5FD71EA463D6006274C1 /* WordInputView.swift in Sources */,
				3F937DD01EC87E160044803F /* CacheKey.swift in Sources */,
				F2C9BDCA1E8E55890030A24A /* ToolBarView.swift in Sources */,
				F2C9BDC21E8E55890030A24A /* Log.swift in Sources */,
				F2C9BE2E1E8E7EC20030A24A /* SettingViewController.swift in Sources */,
				3F3E603D1EA836EF006274C1 /* OpenAudioStreamCell.swift in Sources */,
				3F3E602D1EA79632006274C1 /* UIScreenEdgePanGestureRecognizer+RxGesture.swift in Sources */,
				3F3E602A1EA79632006274C1 /* UIPanGestureRecognizer+RxGesture.swift in Sources */,
				F2C9BDC61E8E55890030A24A /* ViewIdentifierReuseable.swift in Sources */,
				3F3E602F1EA79632006274C1 /* UITapGestureRecognizer+RxGesture.swift in Sources */,
				3F3E60261EA79632006274C1 /* GestureFactory.swift in Sources */,
				F2C9BDBD1E8E55890030A24A /* Config.swift in Sources */,
				F2C9BDC41E8E55890030A24A /* UIAlertController+Speech.swift in Sources */,
				F2C9BE351E8FB0040030A24A /* MBProgressHUD+Speech.swift in Sources */,
				3F3E60391EA79632006274C1 /* View+RxGesture.swift in Sources */,
				3F3E602E1EA79632006274C1 /* UISwipeGestureRecognizer+RxGesture.swift in Sources */,
				3F3E602C1EA79632006274C1 /* UIRotationGestureRecognizer+RxGesture.swift in Sources */,
				3F070AD81EC959D8003BFB3A /* MathFormulaViewController.swift in Sources */,
				3F3E5FD01EA3C86E006274C1 /* SettingCell.swift in Sources */,
				F2C9BDC81E8E55890030A24A /* ISRDataHelper.m in Sources */,
				8686E1DC1E9125C70083AC54 /* RecordState.swift in Sources */,
				F2C9BDBF1E8E55890030A24A /* MainNavigationController.swift in Sources */,
				3F937DD21EC880F70044803F /* Dictionary+Speech.swift in Sources */,
				3F3E60371EA79632006274C1 /* PermissiveGestureRecognizerDelegate.swift in Sources */,
				3F3E60431EAC7B68006274C1 /* SectionModel.swift in Sources */,
				F2C9BDBE1E8E55890030A24A /* SpeechConfig.swift in Sources */,
				3F070AD01EC8B26E003BFB3A /* MathView.swift in Sources */,
				F2C9BDC51E8E55890030A24A /* UITableView+Speech.swift in Sources */,
				3F3E602B1EA79632006274C1 /* UIPinchGestureRecognizer+RxGesture.swift in Sources */,
				3F3E5FDB1EA5124D006274C1 /* UIScreen+Speech.swift in Sources */,
				3F3E5FDF1EA51A18006274C1 /* UIImage+Speech.swift in Sources */,
				3F3E60271EA79632006274C1 /* TransformGestureRecognizers.swift in Sources */,
				F2C9BDCB1E8E55890030A24A /* WaitingVoiceView.swift in Sources */,
				F2C9BDC01E8E55890030A24A /* MainViewController.swift in Sources */,
				3F3E60291EA79632006274C1 /* UILongPressGestureRecognizer+RxGesture.swift in Sources */,
				3F3E5FDD1EA51788006274C1 /* UIView+Speech.swift in Sources */,
				F2C9BDC11E8E55890030A24A /* DispatchQueue+Speech.swift in Sources */,
				3F3E60381EA79632006274C1 /* SharedTypes.swift in Sources */,
				F2C9BDC91E8E55890030A24A /* SpeedResultCell.swift in Sources */,
				3F3E60481EAC80A6006274C1 /* UserDefaultable.swift in Sources */,
				3F3E5FD31EA3D531006274C1 /* UploaderManager.swift in Sources */,
				3F3E60281EA79632006274C1 /* UIGestureRecognizer+RxGesture.swift in Sources */,
			);
			runOnlyForDeploymentPostprocessing = 0;
		};
		F2C9BDD01E8E56650030A24A /* Sources */ = {
			isa = PBXSourcesBuildPhase;
			buildActionMask = 2147483647;
			files = (
				F2C9BDD71E8E56650030A24A /* SpeechRecognitionTests.swift in Sources */,
			);
			runOnlyForDeploymentPostprocessing = 0;
		};
/* End PBXSourcesBuildPhase section */

/* Begin PBXTargetDependency section */
		F2C9BDDA1E8E56650030A24A /* PBXTargetDependency */ = {
			isa = PBXTargetDependency;
			target = F23E46261E76BD440051F0EA /* SpeechRecognition */;
			targetProxy = F2C9BDD91E8E56650030A24A /* PBXContainerItemProxy */;
		};
/* End PBXTargetDependency section */

/* Begin PBXVariantGroup section */
		F2C9BD9B1E8E55890030A24A /* LaunchScreen.storyboard */ = {
			isa = PBXVariantGroup;
			children = (
				F2C9BD9C1E8E55890030A24A /* Base */,
			);
			name = LaunchScreen.storyboard;
			sourceTree = "<group>";
		};
/* End PBXVariantGroup section */

/* Begin XCBuildConfiguration section */
		F23E464D1E76BD440051F0EA /* Debug */ = {
			isa = XCBuildConfiguration;
			buildSettings = {
				ALWAYS_SEARCH_USER_PATHS = NO;
				CLANG_ANALYZER_NONNULL = YES;
				CLANG_CXX_LANGUAGE_STANDARD = "gnu++0x";
				CLANG_CXX_LIBRARY = "libc++";
				CLANG_ENABLE_MODULES = YES;
				CLANG_ENABLE_OBJC_ARC = YES;
				CLANG_WARN_BOOL_CONVERSION = YES;
				CLANG_WARN_CONSTANT_CONVERSION = YES;
				CLANG_WARN_DIRECT_OBJC_ISA_USAGE = YES_ERROR;
				CLANG_WARN_DOCUMENTATION_COMMENTS = YES;
				CLANG_WARN_EMPTY_BODY = YES;
				CLANG_WARN_ENUM_CONVERSION = YES;
				CLANG_WARN_INFINITE_RECURSION = YES;
				CLANG_WARN_INT_CONVERSION = YES;
				CLANG_WARN_OBJC_ROOT_CLASS = YES_ERROR;
				CLANG_WARN_SUSPICIOUS_MOVE = YES;
				CLANG_WARN_UNREACHABLE_CODE = YES;
				CLANG_WARN__DUPLICATE_METHOD_MATCH = YES;
				"CODE_SIGN_IDENTITY[sdk=iphoneos*]" = "iPhone Developer";
				COPY_PHASE_STRIP = NO;
				DEBUG_INFORMATION_FORMAT = dwarf;
				ENABLE_STRICT_OBJC_MSGSEND = YES;
				ENABLE_TESTABILITY = YES;
				GCC_C_LANGUAGE_STANDARD = gnu99;
				GCC_DYNAMIC_NO_PIC = NO;
				GCC_NO_COMMON_BLOCKS = YES;
				GCC_OPTIMIZATION_LEVEL = 0;
				GCC_PREPROCESSOR_DEFINITIONS = (
					"DEBUG=1",
					"$(inherited)",
				);
				GCC_WARN_64_TO_32_BIT_CONVERSION = YES;
				GCC_WARN_ABOUT_RETURN_TYPE = YES_ERROR;
				GCC_WARN_UNDECLARED_SELECTOR = YES;
				GCC_WARN_UNINITIALIZED_AUTOS = YES_AGGRESSIVE;
				GCC_WARN_UNUSED_FUNCTION = YES;
				GCC_WARN_UNUSED_VARIABLE = YES;
				IPHONEOS_DEPLOYMENT_TARGET = 10.2;
				MTL_ENABLE_DEBUG_INFO = YES;
				ONLY_ACTIVE_ARCH = YES;
				SDKROOT = iphoneos;
				SWIFT_ACTIVE_COMPILATION_CONDITIONS = DEBUG;
				SWIFT_OPTIMIZATION_LEVEL = "-Onone";
			};
			name = Debug;
		};
		F23E464E1E76BD440051F0EA /* Release */ = {
			isa = XCBuildConfiguration;
			buildSettings = {
				ALWAYS_SEARCH_USER_PATHS = NO;
				CLANG_ANALYZER_NONNULL = YES;
				CLANG_CXX_LANGUAGE_STANDARD = "gnu++0x";
				CLANG_CXX_LIBRARY = "libc++";
				CLANG_ENABLE_MODULES = YES;
				CLANG_ENABLE_OBJC_ARC = YES;
				CLANG_WARN_BOOL_CONVERSION = YES;
				CLANG_WARN_CONSTANT_CONVERSION = YES;
				CLANG_WARN_DIRECT_OBJC_ISA_USAGE = YES_ERROR;
				CLANG_WARN_DOCUMENTATION_COMMENTS = YES;
				CLANG_WARN_EMPTY_BODY = YES;
				CLANG_WARN_ENUM_CONVERSION = YES;
				CLANG_WARN_INFINITE_RECURSION = YES;
				CLANG_WARN_INT_CONVERSION = YES;
				CLANG_WARN_OBJC_ROOT_CLASS = YES_ERROR;
				CLANG_WARN_SUSPICIOUS_MOVE = YES;
				CLANG_WARN_UNREACHABLE_CODE = YES;
				CLANG_WARN__DUPLICATE_METHOD_MATCH = YES;
				"CODE_SIGN_IDENTITY[sdk=iphoneos*]" = "iPhone Developer";
				COPY_PHASE_STRIP = NO;
				DEBUG_INFORMATION_FORMAT = "dwarf-with-dsym";
				ENABLE_NS_ASSERTIONS = NO;
				ENABLE_STRICT_OBJC_MSGSEND = YES;
				GCC_C_LANGUAGE_STANDARD = gnu99;
				GCC_NO_COMMON_BLOCKS = YES;
				GCC_WARN_64_TO_32_BIT_CONVERSION = YES;
				GCC_WARN_ABOUT_RETURN_TYPE = YES_ERROR;
				GCC_WARN_UNDECLARED_SELECTOR = YES;
				GCC_WARN_UNINITIALIZED_AUTOS = YES_AGGRESSIVE;
				GCC_WARN_UNUSED_FUNCTION = YES;
				GCC_WARN_UNUSED_VARIABLE = YES;
				IPHONEOS_DEPLOYMENT_TARGET = 10.2;
				MTL_ENABLE_DEBUG_INFO = NO;
				SDKROOT = iphoneos;
				SWIFT_OPTIMIZATION_LEVEL = "-Owholemodule";
				VALIDATE_PRODUCT = YES;
			};
			name = Release;
		};
		F23E46501E76BD440051F0EA /* Debug */ = {
			isa = XCBuildConfiguration;
			baseConfigurationReference = 47FEE8E321294CAF26BF4DCA /* Pods-SpeechRecognition.debug.xcconfig */;
			buildSettings = {
				ASSETCATALOG_COMPILER_APPICON_NAME = AppIcon;
				CLANG_ENABLE_MODULES = YES;
				DEVELOPMENT_TEAM = AXEMXHF2MM;
				ENABLE_BITCODE = NO;
				FRAMEWORK_SEARCH_PATHS = (
					"$(inherited)",
					"$(PROJECT_DIR)/Frameworks",
				);
				INFOPLIST_FILE = SpeechRecognition/Info.plist;
				IPHONEOS_DEPLOYMENT_TARGET = 9.0;
				LD_RUNPATH_SEARCH_PATHS = "$(inherited) @executable_path/Frameworks";
				PRODUCT_BUNDLE_IDENTIFIER = com.vsccw.SpeechRecognition;
				PRODUCT_NAME = "$(TARGET_NAME)";
				SWIFT_OBJC_BRIDGING_HEADER = "SpeechRecognition/SpeechRecognition-Bridging-Header.h";
				SWIFT_OPTIMIZATION_LEVEL = "-Onone";
				SWIFT_VERSION = 3.0;
			};
			name = Debug;
		};
		F23E46511E76BD440051F0EA /* Release */ = {
			isa = XCBuildConfiguration;
			baseConfigurationReference = 3B21D86074D866E3C6480C25 /* Pods-SpeechRecognition.release.xcconfig */;
			buildSettings = {
				ASSETCATALOG_COMPILER_APPICON_NAME = AppIcon;
				CLANG_ENABLE_MODULES = YES;
				DEVELOPMENT_TEAM = AXEMXHF2MM;
				ENABLE_BITCODE = NO;
				FRAMEWORK_SEARCH_PATHS = (
					"$(inherited)",
					"$(PROJECT_DIR)/Frameworks",
				);
				INFOPLIST_FILE = SpeechRecognition/Info.plist;
				IPHONEOS_DEPLOYMENT_TARGET = 9.0;
				LD_RUNPATH_SEARCH_PATHS = "$(inherited) @executable_path/Frameworks";
				PRODUCT_BUNDLE_IDENTIFIER = com.vsccw.SpeechRecognition;
				PRODUCT_NAME = "$(TARGET_NAME)";
				SWIFT_OBJC_BRIDGING_HEADER = "SpeechRecognition/SpeechRecognition-Bridging-Header.h";
				SWIFT_VERSION = 3.0;
			};
			name = Release;
		};
		F2C9BDDC1E8E56650030A24A /* Debug */ = {
			isa = XCBuildConfiguration;
			baseConfigurationReference = FBA912A84E7BC498ECC4A709 /* Pods-SpeechRecognitionTests.debug.xcconfig */;
			buildSettings = {
				BUNDLE_LOADER = "$(TEST_HOST)";
				INFOPLIST_FILE = SpeechRecognitionTests/Info.plist;
				LD_RUNPATH_SEARCH_PATHS = "$(inherited) @executable_path/Frameworks @loader_path/Frameworks";
				PRODUCT_BUNDLE_IDENTIFIER = com.vsccw.SpeechRecognitionTests;
				PRODUCT_NAME = "$(TARGET_NAME)";
				SWIFT_VERSION = 3.0;
				TEST_HOST = "$(BUILT_PRODUCTS_DIR)/SpeechRecognition.app/SpeechRecognition";
			};
			name = Debug;
		};
		F2C9BDDD1E8E56650030A24A /* Release */ = {
			isa = XCBuildConfiguration;
			baseConfigurationReference = 06A3ED29B4D6E16D6F31CB3B /* Pods-SpeechRecognitionTests.release.xcconfig */;
			buildSettings = {
				BUNDLE_LOADER = "$(TEST_HOST)";
				INFOPLIST_FILE = SpeechRecognitionTests/Info.plist;
				LD_RUNPATH_SEARCH_PATHS = "$(inherited) @executable_path/Frameworks @loader_path/Frameworks";
				PRODUCT_BUNDLE_IDENTIFIER = com.vsccw.SpeechRecognitionTests;
				PRODUCT_NAME = "$(TARGET_NAME)";
				SWIFT_VERSION = 3.0;
				TEST_HOST = "$(BUILT_PRODUCTS_DIR)/SpeechRecognition.app/SpeechRecognition";
			};
			name = Release;
		};
/* End XCBuildConfiguration section */

/* Begin XCConfigurationList section */
		F23E46221E76BD430051F0EA /* Build configuration list for PBXProject "SpeechRecognition" */ = {
			isa = XCConfigurationList;
			buildConfigurations = (
				F23E464D1E76BD440051F0EA /* Debug */,
				F23E464E1E76BD440051F0EA /* Release */,
			);
			defaultConfigurationIsVisible = 0;
			defaultConfigurationName = Release;
		};
		F23E464F1E76BD440051F0EA /* Build configuration list for PBXNativeTarget "SpeechRecognition" */ = {
			isa = XCConfigurationList;
			buildConfigurations = (
				F23E46501E76BD440051F0EA /* Debug */,
				F23E46511E76BD440051F0EA /* Release */,
			);
			defaultConfigurationIsVisible = 0;
			defaultConfigurationName = Release;
		};
		F2C9BDDB1E8E56650030A24A /* Build configuration list for PBXNativeTarget "SpeechRecognitionTests" */ = {
			isa = XCConfigurationList;
			buildConfigurations = (
				F2C9BDDC1E8E56650030A24A /* Debug */,
				F2C9BDDD1E8E56650030A24A /* Release */,
			);
			defaultConfigurationIsVisible = 0;
			defaultConfigurationName = Release;
		};
/* End XCConfigurationList section */
	};
	rootObject = F23E461F1E76BD430051F0EA /* Project object */;
}
