// !$*UTF8*$!
{
	archiveVersion = 1;
	classes = {
	};
	objectVersion = 46;
	objects = {

/* Begin PBXBuildFile section */
		F22FBD201E7FD6A60006C753 /* WaitingVoiceCell.swift in Sources */ = {isa = PBXBuildFile; fileRef = F22FBD1F1E7FD6A60006C753 /* WaitingVoiceCell.swift */; };
		F22FBD221E7FD7490006C753 /* String+Speed.swift in Sources */ = {isa = PBXBuildFile; fileRef = F22FBD211E7FD7490006C753 /* String+Speed.swift */; };
		F22FBD231E7FD7790006C753 /* AVFoundation.framework in Frameworks */ = {isa = PBXBuildFile; fileRef = F23E46611E76BEDC0051F0EA /* AVFoundation.framework */; };
		F23E462B1E76BD440051F0EA /* AppDelegate.swift in Sources */ = {isa = PBXBuildFile; fileRef = F23E462A1E76BD440051F0EA /* AppDelegate.swift */; };
		F23E46321E76BD440051F0EA /* Assets.xcassets in Resources */ = {isa = PBXBuildFile; fileRef = F23E46311E76BD440051F0EA /* Assets.xcassets */; };
		F23E46351E76BD440051F0EA /* LaunchScreen.storyboard in Resources */ = {isa = PBXBuildFile; fileRef = F23E46331E76BD440051F0EA /* LaunchScreen.storyboard */; };
		F23E46401E76BD440051F0EA /* SpeedRecognitionTests.swift in Sources */ = {isa = PBXBuildFile; fileRef = F23E463F1E76BD440051F0EA /* SpeedRecognitionTests.swift */; };
		F23E464B1E76BD440051F0EA /* SpeedRecognitionUITests.swift in Sources */ = {isa = PBXBuildFile; fileRef = F23E464A1E76BD440051F0EA /* SpeedRecognitionUITests.swift */; };
		F23E465C1E76BEA40051F0EA /* iflyMSC.framework in Frameworks */ = {isa = PBXBuildFile; fileRef = F23E465B1E76BEA40051F0EA /* iflyMSC.framework */; };
		F23E465E1E76BECD0051F0EA /* libz.tbd in Frameworks */ = {isa = PBXBuildFile; fileRef = F23E465D1E76BECD0051F0EA /* libz.tbd */; };
		F23E46601E76BED50051F0EA /* CoreLocation.framework in Frameworks */ = {isa = PBXBuildFile; fileRef = F23E465F1E76BED50051F0EA /* CoreLocation.framework */; };
		F23E46641E76BEE80051F0EA /* AddressBook.framework in Frameworks */ = {isa = PBXBuildFile; fileRef = F23E46631E76BEE80051F0EA /* AddressBook.framework */; };
		F23E46661E76BEED0051F0EA /* Contacts.framework in Frameworks */ = {isa = PBXBuildFile; fileRef = F23E46651E76BEED0051F0EA /* Contacts.framework */; };
		F23E466A1E76BEFE0051F0EA /* AudioToolbox.framework in Frameworks */ = {isa = PBXBuildFile; fileRef = F23E46691E76BEFE0051F0EA /* AudioToolbox.framework */; };
		F23E466C1E76BF060051F0EA /* SystemConfiguration.framework in Frameworks */ = {isa = PBXBuildFile; fileRef = F23E466B1E76BF060051F0EA /* SystemConfiguration.framework */; };
		F23E466E1E76BF0D0051F0EA /* QuartzCore.framework in Frameworks */ = {isa = PBXBuildFile; fileRef = F23E466D1E76BF0D0051F0EA /* QuartzCore.framework */; };
		F23E46701E76BF170051F0EA /* UIKit.framework in Frameworks */ = {isa = PBXBuildFile; fileRef = F23E466F1E76BF170051F0EA /* UIKit.framework */; };
		F23E46721E76BF1E0051F0EA /* Foundation.framework in Frameworks */ = {isa = PBXBuildFile; fileRef = F23E46711E76BF1E0051F0EA /* Foundation.framework */; };
		F23E46741E76BF260051F0EA /* CoreGraphics.framework in Frameworks */ = {isa = PBXBuildFile; fileRef = F23E46731E76BF260051F0EA /* CoreGraphics.framework */; };
		F23E467C1E76C1670051F0EA /* libc++.tbd in Frameworks */ = {isa = PBXBuildFile; fileRef = F23E467B1E76C1670051F0EA /* libc++.tbd */; };
		F23E467E1E76C20B0051F0EA /* CoreTelephony.framework in Frameworks */ = {isa = PBXBuildFile; fileRef = F23E467D1E76C20B0051F0EA /* CoreTelephony.framework */; };
		F24CD6DF1E7D1A2A0073889C /* DynamicColor.framework in Frameworks */ = {isa = PBXBuildFile; fileRef = F24CD6DE1E7D1A2A0073889C /* DynamicColor.framework */; };
		F24CD6E01E7D1A340073889C /* DynamicColor.framework in Frameworks */ = {isa = PBXBuildFile; fileRef = F24CD6DE1E7D1A2A0073889C /* DynamicColor.framework */; };
		F24CD6E11E7D1A340073889C /* DynamicColor.framework in CopyFiles */ = {isa = PBXBuildFile; fileRef = F24CD6DE1E7D1A2A0073889C /* DynamicColor.framework */; settings = {ATTRIBUTES = (CodeSignOnCopy, RemoveHeadersOnCopy, ); }; };
		F24CD6E31E7D1BA40073889C /* SpeedResultCell.swift in Sources */ = {isa = PBXBuildFile; fileRef = F24CD6E21E7D1BA40073889C /* SpeedResultCell.swift */; };
		F24CD6E61E7D1BD70073889C /* UITableView+Speech.swift in Sources */ = {isa = PBXBuildFile; fileRef = F24CD6E51E7D1BD70073889C /* UITableView+Speech.swift */; };
		F24CD6E81E7D1C220073889C /* DispatchQueue+Speech.swift in Sources */ = {isa = PBXBuildFile; fileRef = F24CD6E71E7D1C220073889C /* DispatchQueue+Speech.swift */; };
		F24CD6EB1E7D1C610073889C /* ViewIdentifierReuseable.swift in Sources */ = {isa = PBXBuildFile; fileRef = F24CD6EA1E7D1C610073889C /* ViewIdentifierReuseable.swift */; };
		F24CD6ED1E7D2DAD0073889C /* ToolBarView.swift in Sources */ = {isa = PBXBuildFile; fileRef = F24CD6EC1E7D2DAD0073889C /* ToolBarView.swift */; };
		F24CD6EF1E7D41DF0073889C /* Log.swift in Sources */ = {isa = PBXBuildFile; fileRef = F24CD6EE1E7D41DF0073889C /* Log.swift */; };
		F252DB301E7AC553009D58E3 /* MainNavigationController.swift in Sources */ = {isa = PBXBuildFile; fileRef = F252DB2F1E7AC553009D58E3 /* MainNavigationController.swift */; };
		F2A6E52A1E8122040026188F /* SpeechConfig.swift in Sources */ = {isa = PBXBuildFile; fileRef = F2A6E5291E8122040026188F /* SpeechConfig.swift */; };
		F2A6E52C1E8127D20026188F /* UIAlertController+Speech.swift in Sources */ = {isa = PBXBuildFile; fileRef = F2A6E52B1E8127D20026188F /* UIAlertController+Speech.swift */; };
		F2A6E52E1E8184290026188F /* RxSwift.framework in Frameworks */ = {isa = PBXBuildFile; fileRef = F2A6E52D1E8184290026188F /* RxSwift.framework */; };
		F2A6E5301E81844E0026188F /* RxCocoa.framework in Frameworks */ = {isa = PBXBuildFile; fileRef = F2A6E52F1E81844E0026188F /* RxCocoa.framework */; };
		F2A6E5331E8185FB0026188F /* RxCocoa.framework in Frameworks */ = {isa = PBXBuildFile; fileRef = F2A6E52F1E81844E0026188F /* RxCocoa.framework */; };
		F2A6E5341E8185FB0026188F /* RxCocoa.framework in CopyFiles */ = {isa = PBXBuildFile; fileRef = F2A6E52F1E81844E0026188F /* RxCocoa.framework */; settings = {ATTRIBUTES = (CodeSignOnCopy, RemoveHeadersOnCopy, ); }; };
		F2A6E5351E8185FB0026188F /* RxSwift.framework in Frameworks */ = {isa = PBXBuildFile; fileRef = F2A6E52D1E8184290026188F /* RxSwift.framework */; };
		F2A6E5361E8185FB0026188F /* RxSwift.framework in CopyFiles */ = {isa = PBXBuildFile; fileRef = F2A6E52D1E8184290026188F /* RxSwift.framework */; settings = {ATTRIBUTES = (CodeSignOnCopy, RemoveHeadersOnCopy, ); }; };
		F2A6E5391E818C010026188F /* ISRDataHelper.m in Sources */ = {isa = PBXBuildFile; fileRef = F2A6E5381E818C010026188F /* ISRDataHelper.m */; };
		F2DEA0F81E7AC30E00B4104D /* MBProgressHUD.framework in Frameworks */ = {isa = PBXBuildFile; fileRef = F2DEA0F71E7AC30D00B4104D /* MBProgressHUD.framework */; };
		F2DEA0FA1E7AC31600B4104D /* SnapKit.framework in Frameworks */ = {isa = PBXBuildFile; fileRef = F2DEA0F91E7AC31600B4104D /* SnapKit.framework */; };
		F2DEA0FC1E7AC31C00B4104D /* Then.framework in Frameworks */ = {isa = PBXBuildFile; fileRef = F2DEA0FB1E7AC31C00B4104D /* Then.framework */; };
		F2DEA0FE1E7AC3A200B4104D /* SnapKit.framework in CopyFiles */ = {isa = PBXBuildFile; fileRef = F2DEA0F91E7AC31600B4104D /* SnapKit.framework */; settings = {ATTRIBUTES = (CodeSignOnCopy, RemoveHeadersOnCopy, ); }; };
		F2DEA0FF1E7AC3BB00B4104D /* Then.framework in CopyFiles */ = {isa = PBXBuildFile; fileRef = F2DEA0FB1E7AC31C00B4104D /* Then.framework */; settings = {ATTRIBUTES = (CodeSignOnCopy, RemoveHeadersOnCopy, ); }; };
		F2DEA1001E7AC3BB00B4104D /* MBProgressHUD.framework in CopyFiles */ = {isa = PBXBuildFile; fileRef = F2DEA0F71E7AC30D00B4104D /* MBProgressHUD.framework */; settings = {ATTRIBUTES = (CodeSignOnCopy, RemoveHeadersOnCopy, ); }; };
		F2DEA10A1E7AC46100B4104D /* Config.swift in Sources */ = {isa = PBXBuildFile; fileRef = F2DEA1031E7AC46100B4104D /* Config.swift */; };
		F2DEA10D1E7AC48600B4104D /* MainViewController.swift in Sources */ = {isa = PBXBuildFile; fileRef = F2DEA10C1E7AC48600B4104D /* MainViewController.swift */; };
/* End PBXBuildFile section */

/* Begin PBXContainerItemProxy section */
		F23E463C1E76BD440051F0EA /* PBXContainerItemProxy */ = {
			isa = PBXContainerItemProxy;
			containerPortal = F23E461F1E76BD430051F0EA /* Project object */;
			proxyType = 1;
			remoteGlobalIDString = F23E46261E76BD440051F0EA;
			remoteInfo = SpeedRecognition;
		};
		F23E46471E76BD440051F0EA /* PBXContainerItemProxy */ = {
			isa = PBXContainerItemProxy;
			containerPortal = F23E461F1E76BD430051F0EA /* Project object */;
			proxyType = 1;
			remoteGlobalIDString = F23E46261E76BD440051F0EA;
			remoteInfo = SpeedRecognition;
		};
/* End PBXContainerItemProxy section */

/* Begin PBXCopyFilesBuildPhase section */
		F2DEA0FD1E7AC39900B4104D /* CopyFiles */ = {
			isa = PBXCopyFilesBuildPhase;
			buildActionMask = 2147483647;
			dstPath = "";
			dstSubfolderSpec = 10;
			files = (
				F2DEA0FF1E7AC3BB00B4104D /* Then.framework in CopyFiles */,
				F2DEA1001E7AC3BB00B4104D /* MBProgressHUD.framework in CopyFiles */,
				F2A6E5361E8185FB0026188F /* RxSwift.framework in CopyFiles */,
				F24CD6E11E7D1A340073889C /* DynamicColor.framework in CopyFiles */,
				F2A6E5341E8185FB0026188F /* RxCocoa.framework in CopyFiles */,
				F2DEA0FE1E7AC3A200B4104D /* SnapKit.framework in CopyFiles */,
			);
			runOnlyForDeploymentPostprocessing = 0;
		};
/* End PBXCopyFilesBuildPhase section */

/* Begin PBXFileReference section */
		F22FBD1F1E7FD6A60006C753 /* WaitingVoiceCell.swift */ = {isa = PBXFileReference; fileEncoding = 4; lastKnownFileType = sourcecode.swift; path = WaitingVoiceCell.swift; sourceTree = "<group>"; };
		F22FBD211E7FD7490006C753 /* String+Speed.swift */ = {isa = PBXFileReference; fileEncoding = 4; lastKnownFileType = sourcecode.swift; path = "String+Speed.swift"; sourceTree = "<group>"; };
		F23E46271E76BD440051F0EA /* SpeedRecognition.app */ = {isa = PBXFileReference; explicitFileType = wrapper.application; includeInIndex = 0; path = SpeedRecognition.app; sourceTree = BUILT_PRODUCTS_DIR; };
		F23E462A1E76BD440051F0EA /* AppDelegate.swift */ = {isa = PBXFileReference; lastKnownFileType = sourcecode.swift; path = AppDelegate.swift; sourceTree = "<group>"; };
		F23E46311E76BD440051F0EA /* Assets.xcassets */ = {isa = PBXFileReference; lastKnownFileType = folder.assetcatalog; path = Assets.xcassets; sourceTree = "<group>"; };
		F23E46341E76BD440051F0EA /* Base */ = {isa = PBXFileReference; lastKnownFileType = file.storyboard; name = Base; path = Base.lproj/LaunchScreen.storyboard; sourceTree = "<group>"; };
		F23E46361E76BD440051F0EA /* Info.plist */ = {isa = PBXFileReference; lastKnownFileType = text.plist.xml; path = Info.plist; sourceTree = "<group>"; };
		F23E463B1E76BD440051F0EA /* SpeedRecognitionTests.xctest */ = {isa = PBXFileReference; explicitFileType = wrapper.cfbundle; includeInIndex = 0; path = SpeedRecognitionTests.xctest; sourceTree = BUILT_PRODUCTS_DIR; };
		F23E463F1E76BD440051F0EA /* SpeedRecognitionTests.swift */ = {isa = PBXFileReference; lastKnownFileType = sourcecode.swift; path = SpeedRecognitionTests.swift; sourceTree = "<group>"; };
		F23E46411E76BD440051F0EA /* Info.plist */ = {isa = PBXFileReference; lastKnownFileType = text.plist.xml; path = Info.plist; sourceTree = "<group>"; };
		F23E46461E76BD440051F0EA /* SpeedRecognitionUITests.xctest */ = {isa = PBXFileReference; explicitFileType = wrapper.cfbundle; includeInIndex = 0; path = SpeedRecognitionUITests.xctest; sourceTree = BUILT_PRODUCTS_DIR; };
		F23E464A1E76BD440051F0EA /* SpeedRecognitionUITests.swift */ = {isa = PBXFileReference; lastKnownFileType = sourcecode.swift; path = SpeedRecognitionUITests.swift; sourceTree = "<group>"; };
		F23E464C1E76BD440051F0EA /* Info.plist */ = {isa = PBXFileReference; lastKnownFileType = text.plist.xml; path = Info.plist; sourceTree = "<group>"; };
		F23E465B1E76BEA40051F0EA /* iflyMSC.framework */ = {isa = PBXFileReference; lastKnownFileType = wrapper.framework; path = iflyMSC.framework; sourceTree = "<group>"; };
		F23E465D1E76BECD0051F0EA /* libz.tbd */ = {isa = PBXFileReference; lastKnownFileType = "sourcecode.text-based-dylib-definition"; name = libz.tbd; path = usr/lib/libz.tbd; sourceTree = SDKROOT; };
		F23E465F1E76BED50051F0EA /* CoreLocation.framework */ = {isa = PBXFileReference; lastKnownFileType = wrapper.framework; name = CoreLocation.framework; path = System/Library/Frameworks/CoreLocation.framework; sourceTree = SDKROOT; };
		F23E46611E76BEDC0051F0EA /* AVFoundation.framework */ = {isa = PBXFileReference; lastKnownFileType = wrapper.framework; name = AVFoundation.framework; path = System/Library/Frameworks/AVFoundation.framework; sourceTree = SDKROOT; };
		F23E46631E76BEE80051F0EA /* AddressBook.framework */ = {isa = PBXFileReference; lastKnownFileType = wrapper.framework; name = AddressBook.framework; path = System/Library/Frameworks/AddressBook.framework; sourceTree = SDKROOT; };
		F23E46651E76BEED0051F0EA /* Contacts.framework */ = {isa = PBXFileReference; lastKnownFileType = wrapper.framework; name = Contacts.framework; path = System/Library/Frameworks/Contacts.framework; sourceTree = SDKROOT; };
		F23E46671E76BEF70051F0EA /* AudioUnit.framework */ = {isa = PBXFileReference; lastKnownFileType = wrapper.framework; name = AudioUnit.framework; path = System/Library/Frameworks/AudioUnit.framework; sourceTree = SDKROOT; };
		F23E46691E76BEFE0051F0EA /* AudioToolbox.framework */ = {isa = PBXFileReference; lastKnownFileType = wrapper.framework; name = AudioToolbox.framework; path = System/Library/Frameworks/AudioToolbox.framework; sourceTree = SDKROOT; };
		F23E466B1E76BF060051F0EA /* SystemConfiguration.framework */ = {isa = PBXFileReference; lastKnownFileType = wrapper.framework; name = SystemConfiguration.framework; path = System/Library/Frameworks/SystemConfiguration.framework; sourceTree = SDKROOT; };
		F23E466D1E76BF0D0051F0EA /* QuartzCore.framework */ = {isa = PBXFileReference; lastKnownFileType = wrapper.framework; name = QuartzCore.framework; path = System/Library/Frameworks/QuartzCore.framework; sourceTree = SDKROOT; };
		F23E466F1E76BF170051F0EA /* UIKit.framework */ = {isa = PBXFileReference; lastKnownFileType = wrapper.framework; name = UIKit.framework; path = System/Library/Frameworks/UIKit.framework; sourceTree = SDKROOT; };
		F23E46711E76BF1E0051F0EA /* Foundation.framework */ = {isa = PBXFileReference; lastKnownFileType = wrapper.framework; name = Foundation.framework; path = System/Library/Frameworks/Foundation.framework; sourceTree = SDKROOT; };
		F23E46731E76BF260051F0EA /* CoreGraphics.framework */ = {isa = PBXFileReference; lastKnownFileType = wrapper.framework; name = CoreGraphics.framework; path = System/Library/Frameworks/CoreGraphics.framework; sourceTree = SDKROOT; };
		F23E46771E76C0220051F0EA /* SpeedRecognition-Bridging-Header.h */ = {isa = PBXFileReference; lastKnownFileType = sourcecode.c.h; path = "SpeedRecognition-Bridging-Header.h"; sourceTree = "<group>"; };
		F23E467B1E76C1670051F0EA /* libc++.tbd */ = {isa = PBXFileReference; lastKnownFileType = "sourcecode.text-based-dylib-definition"; name = "libc++.tbd"; path = "usr/lib/libc++.tbd"; sourceTree = SDKROOT; };
		F23E467D1E76C20B0051F0EA /* CoreTelephony.framework */ = {isa = PBXFileReference; lastKnownFileType = wrapper.framework; name = CoreTelephony.framework; path = System/Library/Frameworks/CoreTelephony.framework; sourceTree = SDKROOT; };
		F24CD6DE1E7D1A2A0073889C /* DynamicColor.framework */ = {isa = PBXFileReference; lastKnownFileType = wrapper.framework; path = DynamicColor.framework; sourceTree = "<group>"; };
		F24CD6E21E7D1BA40073889C /* SpeedResultCell.swift */ = {isa = PBXFileReference; fileEncoding = 4; lastKnownFileType = sourcecode.swift; path = SpeedResultCell.swift; sourceTree = "<group>"; };
		F24CD6E51E7D1BD70073889C /* UITableView+Speech.swift */ = {isa = PBXFileReference; fileEncoding = 4; lastKnownFileType = sourcecode.swift; path = "UITableView+Speech.swift"; sourceTree = "<group>"; };
		F24CD6E71E7D1C220073889C /* DispatchQueue+Speech.swift */ = {isa = PBXFileReference; fileEncoding = 4; lastKnownFileType = sourcecode.swift; path = "DispatchQueue+Speech.swift"; sourceTree = "<group>"; };
		F24CD6EA1E7D1C610073889C /* ViewIdentifierReuseable.swift */ = {isa = PBXFileReference; fileEncoding = 4; lastKnownFileType = sourcecode.swift; path = ViewIdentifierReuseable.swift; sourceTree = "<group>"; };
		F24CD6EC1E7D2DAD0073889C /* ToolBarView.swift */ = {isa = PBXFileReference; fileEncoding = 4; lastKnownFileType = sourcecode.swift; path = ToolBarView.swift; sourceTree = "<group>"; };
		F24CD6EE1E7D41DF0073889C /* Log.swift */ = {isa = PBXFileReference; fileEncoding = 4; lastKnownFileType = sourcecode.swift; path = Log.swift; sourceTree = "<group>"; };
		F252DB2F1E7AC553009D58E3 /* MainNavigationController.swift */ = {isa = PBXFileReference; fileEncoding = 4; lastKnownFileType = sourcecode.swift; path = MainNavigationController.swift; sourceTree = "<group>"; };
		F2A6E5291E8122040026188F /* SpeechConfig.swift */ = {isa = PBXFileReference; fileEncoding = 4; lastKnownFileType = sourcecode.swift; path = SpeechConfig.swift; sourceTree = "<group>"; };
		F2A6E52B1E8127D20026188F /* UIAlertController+Speech.swift */ = {isa = PBXFileReference; fileEncoding = 4; lastKnownFileType = sourcecode.swift; path = "UIAlertController+Speech.swift"; sourceTree = "<group>"; };
		F2A6E52D1E8184290026188F /* RxSwift.framework */ = {isa = PBXFileReference; lastKnownFileType = wrapper.framework; path = RxSwift.framework; sourceTree = "<group>"; };
		F2A6E52F1E81844E0026188F /* RxCocoa.framework */ = {isa = PBXFileReference; lastKnownFileType = wrapper.framework; path = RxCocoa.framework; sourceTree = "<group>"; };
		F2A6E5371E818C010026188F /* ISRDataHelper.h */ = {isa = PBXFileReference; fileEncoding = 4; lastKnownFileType = sourcecode.c.h; path = ISRDataHelper.h; sourceTree = "<group>"; };
		F2A6E5381E818C010026188F /* ISRDataHelper.m */ = {isa = PBXFileReference; fileEncoding = 4; lastKnownFileType = sourcecode.c.objc; path = ISRDataHelper.m; sourceTree = "<group>"; };
		F2DEA0F71E7AC30D00B4104D /* MBProgressHUD.framework */ = {isa = PBXFileReference; lastKnownFileType = wrapper.framework; path = MBProgressHUD.framework; sourceTree = "<group>"; };
		F2DEA0F91E7AC31600B4104D /* SnapKit.framework */ = {isa = PBXFileReference; lastKnownFileType = wrapper.framework; path = SnapKit.framework; sourceTree = "<group>"; };
		F2DEA0FB1E7AC31C00B4104D /* Then.framework */ = {isa = PBXFileReference; lastKnownFileType = wrapper.framework; path = Then.framework; sourceTree = "<group>"; };
		F2DEA1031E7AC46100B4104D /* Config.swift */ = {isa = PBXFileReference; fileEncoding = 4; lastKnownFileType = sourcecode.swift; path = Config.swift; sourceTree = "<group>"; };
		F2DEA10C1E7AC48600B4104D /* MainViewController.swift */ = {isa = PBXFileReference; fileEncoding = 4; lastKnownFileType = sourcecode.swift; path = MainViewController.swift; sourceTree = "<group>"; };
/* End PBXFileReference section */

/* Begin PBXFrameworksBuildPhase section */
		F23E46241E76BD440051F0EA /* Frameworks */ = {
			isa = PBXFrameworksBuildPhase;
			buildActionMask = 2147483647;
			files = (
				F2A6E52E1E8184290026188F /* RxSwift.framework in Frameworks */,
				F2A6E5351E8185FB0026188F /* RxSwift.framework in Frameworks */,
				F22FBD231E7FD7790006C753 /* AVFoundation.framework in Frameworks */,
				F23E467E1E76C20B0051F0EA /* CoreTelephony.framework in Frameworks */,
				F23E467C1E76C1670051F0EA /* libc++.tbd in Frameworks */,
				F23E46741E76BF260051F0EA /* CoreGraphics.framework in Frameworks */,
				F23E46721E76BF1E0051F0EA /* Foundation.framework in Frameworks */,
				F23E46701E76BF170051F0EA /* UIKit.framework in Frameworks */,
				F24CD6E01E7D1A340073889C /* DynamicColor.framework in Frameworks */,
				F23E466E1E76BF0D0051F0EA /* QuartzCore.framework in Frameworks */,
				F2A6E5301E81844E0026188F /* RxCocoa.framework in Frameworks */,
				F23E466C1E76BF060051F0EA /* SystemConfiguration.framework in Frameworks */,
				F2DEA0FA1E7AC31600B4104D /* SnapKit.framework in Frameworks */,
				F23E466A1E76BEFE0051F0EA /* AudioToolbox.framework in Frameworks */,
				F2DEA0F81E7AC30E00B4104D /* MBProgressHUD.framework in Frameworks */,
				F23E46661E76BEED0051F0EA /* Contacts.framework in Frameworks */,
				F23E46641E76BEE80051F0EA /* AddressBook.framework in Frameworks */,
				F24CD6DF1E7D1A2A0073889C /* DynamicColor.framework in Frameworks */,
				F23E46601E76BED50051F0EA /* CoreLocation.framework in Frameworks */,
				F23E465E1E76BECD0051F0EA /* libz.tbd in Frameworks */,
				F23E465C1E76BEA40051F0EA /* iflyMSC.framework in Frameworks */,
				F2A6E5331E8185FB0026188F /* RxCocoa.framework in Frameworks */,
				F2DEA0FC1E7AC31C00B4104D /* Then.framework in Frameworks */,
			);
			runOnlyForDeploymentPostprocessing = 0;
		};
		F23E46381E76BD440051F0EA /* Frameworks */ = {
			isa = PBXFrameworksBuildPhase;
			buildActionMask = 2147483647;
			files = (
			);
			runOnlyForDeploymentPostprocessing = 0;
		};
		F23E46431E76BD440051F0EA /* Frameworks */ = {
			isa = PBXFrameworksBuildPhase;
			buildActionMask = 2147483647;
			files = (
			);
			runOnlyForDeploymentPostprocessing = 0;
		};
/* End PBXFrameworksBuildPhase section */

/* Begin PBXGroup section */
		F23E461E1E76BD430051F0EA = {
			isa = PBXGroup;
			children = (
				F23E46291E76BD440051F0EA /* SpeedRecognition */,
				F23E463E1E76BD440051F0EA /* SpeedRecognitionTests */,
				F23E46491E76BD440051F0EA /* SpeedRecognitionUITests */,
				F23E46281E76BD440051F0EA /* Products */,
				F23E465A1E76BE9B0051F0EA /* Frameworks */,
			);
			sourceTree = "<group>";
		};
		F23E46281E76BD440051F0EA /* Products */ = {
			isa = PBXGroup;
			children = (
				F23E46271E76BD440051F0EA /* SpeedRecognition.app */,
				F23E463B1E76BD440051F0EA /* SpeedRecognitionTests.xctest */,
				F23E46461E76BD440051F0EA /* SpeedRecognitionUITests.xctest */,
			);
			name = Products;
			sourceTree = "<group>";
		};
		F23E46291E76BD440051F0EA /* SpeedRecognition */ = {
			isa = PBXGroup;
			children = (
				F2DEA1021E7AC46100B4104D /* Configs */,
				F2DEA1041E7AC46100B4104D /* Controllers */,
				F2DEA1051E7AC46100B4104D /* Helper */,
				F2DEA1061E7AC46100B4104D /* Models */,
				F2DEA1071E7AC46100B4104D /* ViewModels */,
				F2DEA1091E7AC46100B4104D /* Views */,
				F252DB2E1E7AC52B009D58E3 /* Support Files */,
			);
			path = SpeedRecognition;
			sourceTree = "<group>";
		};
		F23E463E1E76BD440051F0EA /* SpeedRecognitionTests */ = {
			isa = PBXGroup;
			children = (
				F23E463F1E76BD440051F0EA /* SpeedRecognitionTests.swift */,
				F23E46411E76BD440051F0EA /* Info.plist */,
			);
			path = SpeedRecognitionTests;
			sourceTree = "<group>";
		};
		F23E46491E76BD440051F0EA /* SpeedRecognitionUITests */ = {
			isa = PBXGroup;
			children = (
				F23E464A1E76BD440051F0EA /* SpeedRecognitionUITests.swift */,
				F23E464C1E76BD440051F0EA /* Info.plist */,
			);
			path = SpeedRecognitionUITests;
			sourceTree = "<group>";
		};
		F23E465A1E76BE9B0051F0EA /* Frameworks */ = {
			isa = PBXGroup;
			children = (
				F2A6E52F1E81844E0026188F /* RxCocoa.framework */,
				F2A6E52D1E8184290026188F /* RxSwift.framework */,
				F24CD6DE1E7D1A2A0073889C /* DynamicColor.framework */,
				F2DEA0FB1E7AC31C00B4104D /* Then.framework */,
				F2DEA0F91E7AC31600B4104D /* SnapKit.framework */,
				F2DEA0F71E7AC30D00B4104D /* MBProgressHUD.framework */,
				F23E467D1E76C20B0051F0EA /* CoreTelephony.framework */,
				F23E467B1E76C1670051F0EA /* libc++.tbd */,
				F23E46731E76BF260051F0EA /* CoreGraphics.framework */,
				F23E46711E76BF1E0051F0EA /* Foundation.framework */,
				F23E466F1E76BF170051F0EA /* UIKit.framework */,
				F23E466D1E76BF0D0051F0EA /* QuartzCore.framework */,
				F23E466B1E76BF060051F0EA /* SystemConfiguration.framework */,
				F23E46691E76BEFE0051F0EA /* AudioToolbox.framework */,
				F23E46671E76BEF70051F0EA /* AudioUnit.framework */,
				F23E46651E76BEED0051F0EA /* Contacts.framework */,
				F23E46631E76BEE80051F0EA /* AddressBook.framework */,
				F23E46611E76BEDC0051F0EA /* AVFoundation.framework */,
				F23E465F1E76BED50051F0EA /* CoreLocation.framework */,
				F23E465D1E76BECD0051F0EA /* libz.tbd */,
				F23E465B1E76BEA40051F0EA /* iflyMSC.framework */,
			);
			path = Frameworks;
			sourceTree = "<group>";
		};
		F24CD6E41E7D1BC80073889C /* Extension */ = {
			isa = PBXGroup;
			children = (
				F24CD6E51E7D1BD70073889C /* UITableView+Speech.swift */,
				F24CD6E71E7D1C220073889C /* DispatchQueue+Speech.swift */,
				F22FBD211E7FD7490006C753 /* String+Speed.swift */,
				F2A6E52B1E8127D20026188F /* UIAlertController+Speech.swift */,
			);
			name = Extension;
			sourceTree = "<group>";
		};
		F24CD6E91E7D1C4E0073889C /* Protocols */ = {
			isa = PBXGroup;
			children = (
				F24CD6EA1E7D1C610073889C /* ViewIdentifierReuseable.swift */,
			);
			name = Protocols;
			sourceTree = "<group>";
		};
		F252DB2E1E7AC52B009D58E3 /* Support Files */ = {
			isa = PBXGroup;
			children = (
				F23E462A1E76BD440051F0EA /* AppDelegate.swift */,
				F23E46311E76BD440051F0EA /* Assets.xcassets */,
				F23E46331E76BD440051F0EA /* LaunchScreen.storyboard */,
				F23E46361E76BD440051F0EA /* Info.plist */,
				F23E46771E76C0220051F0EA /* SpeedRecognition-Bridging-Header.h */,
			);
			name = "Support Files";
			sourceTree = "<group>";
		};
		F2DEA1021E7AC46100B4104D /* Configs */ = {
			isa = PBXGroup;
			children = (
				F2DEA1031E7AC46100B4104D /* Config.swift */,
				F2A6E5291E8122040026188F /* SpeechConfig.swift */,
			);
			path = Configs;
			sourceTree = "<group>";
		};
		F2DEA1041E7AC46100B4104D /* Controllers */ = {
			isa = PBXGroup;
			children = (
				F2DEA10C1E7AC48600B4104D /* MainViewController.swift */,
				F252DB2F1E7AC553009D58E3 /* MainNavigationController.swift */,
			);
			path = Controllers;
			sourceTree = "<group>";
		};
		F2DEA1051E7AC46100B4104D /* Helper */ = {
			isa = PBXGroup;
			children = (
				F24CD6EE1E7D41DF0073889C /* Log.swift */,
				F24CD6E91E7D1C4E0073889C /* Protocols */,
				F24CD6E41E7D1BC80073889C /* Extension */,
			);
			path = Helper;
			sourceTree = "<group>";
		};
		F2DEA1061E7AC46100B4104D /* Models */ = {
			isa = PBXGroup;
			children = (
				F2A6E5371E818C010026188F /* ISRDataHelper.h */,
				F2A6E5381E818C010026188F /* ISRDataHelper.m */,
			);
			path = Models;
			sourceTree = "<group>";
		};
		F2DEA1071E7AC46100B4104D /* ViewModels */ = {
			isa = PBXGroup;
			children = (
			);
			path = ViewModels;
			sourceTree = "<group>";
		};
		F2DEA1091E7AC46100B4104D /* Views */ = {
			isa = PBXGroup;
			children = (
				F24CD6E21E7D1BA40073889C /* SpeedResultCell.swift */,
				F22FBD1F1E7FD6A60006C753 /* WaitingVoiceCell.swift */,
				F24CD6EC1E7D2DAD0073889C /* ToolBarView.swift */,
			);
			path = Views;
			sourceTree = "<group>";
		};
/* End PBXGroup section */

/* Begin PBXNativeTarget section */
		F23E46261E76BD440051F0EA /* SpeedRecognition */ = {
			isa = PBXNativeTarget;
			buildConfigurationList = F23E464F1E76BD440051F0EA /* Build configuration list for PBXNativeTarget "SpeedRecognition" */;
			buildPhases = (
				F23E46231E76BD440051F0EA /* Sources */,
				F23E46241E76BD440051F0EA /* Frameworks */,
				F23E46251E76BD440051F0EA /* Resources */,
				F2DEA0FD1E7AC39900B4104D /* CopyFiles */,
			);
			buildRules = (
			);
			dependencies = (
			);
			name = SpeedRecognition;
			productName = SpeedRecognition;
			productReference = F23E46271E76BD440051F0EA /* SpeedRecognition.app */;
			productType = "com.apple.product-type.application";
		};
		F23E463A1E76BD440051F0EA /* SpeedRecognitionTests */ = {
			isa = PBXNativeTarget;
			buildConfigurationList = F23E46521E76BD440051F0EA /* Build configuration list for PBXNativeTarget "SpeedRecognitionTests" */;
			buildPhases = (
				F23E46371E76BD440051F0EA /* Sources */,
				F23E46381E76BD440051F0EA /* Frameworks */,
				F23E46391E76BD440051F0EA /* Resources */,
			);
			buildRules = (
			);
			dependencies = (
				F23E463D1E76BD440051F0EA /* PBXTargetDependency */,
			);
			name = SpeedRecognitionTests;
			productName = SpeedRecognitionTests;
			productReference = F23E463B1E76BD440051F0EA /* SpeedRecognitionTests.xctest */;
			productType = "com.apple.product-type.bundle.unit-test";
		};
		F23E46451E76BD440051F0EA /* SpeedRecognitionUITests */ = {
			isa = PBXNativeTarget;
			buildConfigurationList = F23E46551E76BD440051F0EA /* Build configuration list for PBXNativeTarget "SpeedRecognitionUITests" */;
			buildPhases = (
				F23E46421E76BD440051F0EA /* Sources */,
				F23E46431E76BD440051F0EA /* Frameworks */,
				F23E46441E76BD440051F0EA /* Resources */,
			);
			buildRules = (
			);
			dependencies = (
				F23E46481E76BD440051F0EA /* PBXTargetDependency */,
			);
			name = SpeedRecognitionUITests;
			productName = SpeedRecognitionUITests;
			productReference = F23E46461E76BD440051F0EA /* SpeedRecognitionUITests.xctest */;
			productType = "com.apple.product-type.bundle.ui-testing";
		};
/* End PBXNativeTarget section */

/* Begin PBXProject section */
		F23E461F1E76BD430051F0EA /* Project object */ = {
			isa = PBXProject;
			attributes = {
				LastSwiftUpdateCheck = 0820;
				LastUpgradeCheck = 0820;
				ORGANIZATIONNAME = "Qiun Cheng";
				TargetAttributes = {
					F23E46261E76BD440051F0EA = {
						CreatedOnToolsVersion = 8.2.1;
						DevelopmentTeam = AXEMXHF2MM;
						LastSwiftMigration = 0820;
						ProvisioningStyle = Automatic;
					};
					F23E463A1E76BD440051F0EA = {
						CreatedOnToolsVersion = 8.2.1;
						ProvisioningStyle = Automatic;
						TestTargetID = F23E46261E76BD440051F0EA;
					};
					F23E46451E76BD440051F0EA = {
						CreatedOnToolsVersion = 8.2.1;
						ProvisioningStyle = Automatic;
						TestTargetID = F23E46261E76BD440051F0EA;
					};
				};
			};
			buildConfigurationList = F23E46221E76BD430051F0EA /* Build configuration list for PBXProject "SpeedRecognition" */;
			compatibilityVersion = "Xcode 3.2";
			developmentRegion = English;
			hasScannedForEncodings = 0;
			knownRegions = (
				en,
				Base,
			);
			mainGroup = F23E461E1E76BD430051F0EA;
			productRefGroup = F23E46281E76BD440051F0EA /* Products */;
			projectDirPath = "";
			projectRoot = "";
			targets = (
				F23E46261E76BD440051F0EA /* SpeedRecognition */,
				F23E463A1E76BD440051F0EA /* SpeedRecognitionTests */,
				F23E46451E76BD440051F0EA /* SpeedRecognitionUITests */,
			);
		};
/* End PBXProject section */

/* Begin PBXResourcesBuildPhase section */
		F23E46251E76BD440051F0EA /* Resources */ = {
			isa = PBXResourcesBuildPhase;
			buildActionMask = 2147483647;
			files = (
				F23E46351E76BD440051F0EA /* LaunchScreen.storyboard in Resources */,
				F23E46321E76BD440051F0EA /* Assets.xcassets in Resources */,
			);
			runOnlyForDeploymentPostprocessing = 0;
		};
		F23E46391E76BD440051F0EA /* Resources */ = {
			isa = PBXResourcesBuildPhase;
			buildActionMask = 2147483647;
			files = (
			);
			runOnlyForDeploymentPostprocessing = 0;
		};
		F23E46441E76BD440051F0EA /* Resources */ = {
			isa = PBXResourcesBuildPhase;
			buildActionMask = 2147483647;
			files = (
			);
			runOnlyForDeploymentPostprocessing = 0;
		};
/* End PBXResourcesBuildPhase section */

/* Begin PBXSourcesBuildPhase section */
		F23E46231E76BD440051F0EA /* Sources */ = {
			isa = PBXSourcesBuildPhase;
			buildActionMask = 2147483647;
			files = (
				F22FBD221E7FD7490006C753 /* String+Speed.swift in Sources */,
				F24CD6ED1E7D2DAD0073889C /* ToolBarView.swift in Sources */,
				F2DEA10D1E7AC48600B4104D /* MainViewController.swift in Sources */,
				F2A6E5391E818C010026188F /* ISRDataHelper.m in Sources */,
				F24CD6EF1E7D41DF0073889C /* Log.swift in Sources */,
				F2A6E52C1E8127D20026188F /* UIAlertController+Speech.swift in Sources */,
				F24CD6E31E7D1BA40073889C /* SpeedResultCell.swift in Sources */,
				F22FBD201E7FD6A60006C753 /* WaitingVoiceCell.swift in Sources */,
				F2DEA10A1E7AC46100B4104D /* Config.swift in Sources */,
				F24CD6E61E7D1BD70073889C /* UITableView+Speech.swift in Sources */,
				F252DB301E7AC553009D58E3 /* MainNavigationController.swift in Sources */,
				F24CD6E81E7D1C220073889C /* DispatchQueue+Speech.swift in Sources */,
				F24CD6EB1E7D1C610073889C /* ViewIdentifierReuseable.swift in Sources */,
				F2A6E52A1E8122040026188F /* SpeechConfig.swift in Sources */,
				F23E462B1E76BD440051F0EA /* AppDelegate.swift in Sources */,
			);
			runOnlyForDeploymentPostprocessing = 0;
		};
		F23E46371E76BD440051F0EA /* Sources */ = {
			isa = PBXSourcesBuildPhase;
			buildActionMask = 2147483647;
			files = (
				F23E46401E76BD440051F0EA /* SpeedRecognitionTests.swift in Sources */,
			);
			runOnlyForDeploymentPostprocessing = 0;
		};
		F23E46421E76BD440051F0EA /* Sources */ = {
			isa = PBXSourcesBuildPhase;
			buildActionMask = 2147483647;
			files = (
				F23E464B1E76BD440051F0EA /* SpeedRecognitionUITests.swift in Sources */,
			);
			runOnlyForDeploymentPostprocessing = 0;
		};
/* End PBXSourcesBuildPhase section */

/* Begin PBXTargetDependency section */
		F23E463D1E76BD440051F0EA /* PBXTargetDependency */ = {
			isa = PBXTargetDependency;
			target = F23E46261E76BD440051F0EA /* SpeedRecognition */;
			targetProxy = F23E463C1E76BD440051F0EA /* PBXContainerItemProxy */;
		};
		F23E46481E76BD440051F0EA /* PBXTargetDependency */ = {
			isa = PBXTargetDependency;
			target = F23E46261E76BD440051F0EA /* SpeedRecognition */;
			targetProxy = F23E46471E76BD440051F0EA /* PBXContainerItemProxy */;
		};
/* End PBXTargetDependency section */

/* Begin PBXVariantGroup section */
		F23E46331E76BD440051F0EA /* LaunchScreen.storyboard */ = {
			isa = PBXVariantGroup;
			children = (
				F23E46341E76BD440051F0EA /* Base */,
			);
			name = LaunchScreen.storyboard;
			sourceTree = "<group>";
		};
/* End PBXVariantGroup section */

/* Begin XCBuildConfiguration section */
		F23E464D1E76BD440051F0EA /* Debug */ = {
			isa = XCBuildConfiguration;
			buildSettings = {
				ALWAYS_SEARCH_USER_PATHS = NO;
				CLANG_ANALYZER_NONNULL = YES;
				CLANG_CXX_LANGUAGE_STANDARD = "gnu++0x";
				CLANG_CXX_LIBRARY = "libc++";
				CLANG_ENABLE_MODULES = YES;
				CLANG_ENABLE_OBJC_ARC = YES;
				CLANG_WARN_BOOL_CONVERSION = YES;
				CLANG_WARN_CONSTANT_CONVERSION = YES;
				CLANG_WARN_DIRECT_OBJC_ISA_USAGE = YES_ERROR;
				CLANG_WARN_DOCUMENTATION_COMMENTS = YES;
				CLANG_WARN_EMPTY_BODY = YES;
				CLANG_WARN_ENUM_CONVERSION = YES;
				CLANG_WARN_INFINITE_RECURSION = YES;
				CLANG_WARN_INT_CONVERSION = YES;
				CLANG_WARN_OBJC_ROOT_CLASS = YES_ERROR;
				CLANG_WARN_SUSPICIOUS_MOVE = YES;
				CLANG_WARN_UNREACHABLE_CODE = YES;
				CLANG_WARN__DUPLICATE_METHOD_MATCH = YES;
				"CODE_SIGN_IDENTITY[sdk=iphoneos*]" = "iPhone Developer";
				COPY_PHASE_STRIP = NO;
				DEBUG_INFORMATION_FORMAT = dwarf;
				ENABLE_STRICT_OBJC_MSGSEND = YES;
				ENABLE_TESTABILITY = YES;
				GCC_C_LANGUAGE_STANDARD = gnu99;
				GCC_DYNAMIC_NO_PIC = NO;
				GCC_NO_COMMON_BLOCKS = YES;
				GCC_OPTIMIZATION_LEVEL = 0;
				GCC_PREPROCESSOR_DEFINITIONS = (
					"DEBUG=1",
					"$(inherited)",
				);
				GCC_WARN_64_TO_32_BIT_CONVERSION = YES;
				GCC_WARN_ABOUT_RETURN_TYPE = YES_ERROR;
				GCC_WARN_UNDECLARED_SELECTOR = YES;
				GCC_WARN_UNINITIALIZED_AUTOS = YES_AGGRESSIVE;
				GCC_WARN_UNUSED_FUNCTION = YES;
				GCC_WARN_UNUSED_VARIABLE = YES;
				IPHONEOS_DEPLOYMENT_TARGET = 10.2;
				MTL_ENABLE_DEBUG_INFO = YES;
				ONLY_ACTIVE_ARCH = YES;
				SDKROOT = iphoneos;
				SWIFT_ACTIVE_COMPILATION_CONDITIONS = DEBUG;
				SWIFT_OPTIMIZATION_LEVEL = "-Onone";
			};
			name = Debug;
		};
		F23E464E1E76BD440051F0EA /* Release */ = {
			isa = XCBuildConfiguration;
			buildSettings = {
				ALWAYS_SEARCH_USER_PATHS = NO;
				CLANG_ANALYZER_NONNULL = YES;
				CLANG_CXX_LANGUAGE_STANDARD = "gnu++0x";
				CLANG_CXX_LIBRARY = "libc++";
				CLANG_ENABLE_MODULES = YES;
				CLANG_ENABLE_OBJC_ARC = YES;
				CLANG_WARN_BOOL_CONVERSION = YES;
				CLANG_WARN_CONSTANT_CONVERSION = YES;
				CLANG_WARN_DIRECT_OBJC_ISA_USAGE = YES_ERROR;
				CLANG_WARN_DOCUMENTATION_COMMENTS = YES;
				CLANG_WARN_EMPTY_BODY = YES;
				CLANG_WARN_ENUM_CONVERSION = YES;
				CLANG_WARN_INFINITE_RECURSION = YES;
				CLANG_WARN_INT_CONVERSION = YES;
				CLANG_WARN_OBJC_ROOT_CLASS = YES_ERROR;
				CLANG_WARN_SUSPICIOUS_MOVE = YES;
				CLANG_WARN_UNREACHABLE_CODE = YES;
				CLANG_WARN__DUPLICATE_METHOD_MATCH = YES;
				"CODE_SIGN_IDENTITY[sdk=iphoneos*]" = "iPhone Developer";
				COPY_PHASE_STRIP = NO;
				DEBUG_INFORMATION_FORMAT = "dwarf-with-dsym";
				ENABLE_NS_ASSERTIONS = NO;
				ENABLE_STRICT_OBJC_MSGSEND = YES;
				GCC_C_LANGUAGE_STANDARD = gnu99;
				GCC_NO_COMMON_BLOCKS = YES;
				GCC_WARN_64_TO_32_BIT_CONVERSION = YES;
				GCC_WARN_ABOUT_RETURN_TYPE = YES_ERROR;
				GCC_WARN_UNDECLARED_SELECTOR = YES;
				GCC_WARN_UNINITIALIZED_AUTOS = YES_AGGRESSIVE;
				GCC_WARN_UNUSED_FUNCTION = YES;
				GCC_WARN_UNUSED_VARIABLE = YES;
				IPHONEOS_DEPLOYMENT_TARGET = 10.2;
				MTL_ENABLE_DEBUG_INFO = NO;
				SDKROOT = iphoneos;
				SWIFT_OPTIMIZATION_LEVEL = "-Owholemodule";
				VALIDATE_PRODUCT = YES;
			};
			name = Release;
		};
		F23E46501E76BD440051F0EA /* Debug */ = {
			isa = XCBuildConfiguration;
			buildSettings = {
				ASSETCATALOG_COMPILER_APPICON_NAME = AppIcon;
				CLANG_ENABLE_MODULES = YES;
				DEVELOPMENT_TEAM = AXEMXHF2MM;
				ENABLE_BITCODE = NO;
				FRAMEWORK_SEARCH_PATHS = (
					"$(inherited)",
					"$(PROJECT_DIR)/Frameworks",
				);
				INFOPLIST_FILE = SpeedRecognition/Info.plist;
				IPHONEOS_DEPLOYMENT_TARGET = 9.0;
				LD_RUNPATH_SEARCH_PATHS = "$(inherited) @executable_path/Frameworks";
				PRODUCT_BUNDLE_IDENTIFIER = com.vsccw.SpeedRecognition;
				PRODUCT_NAME = "$(TARGET_NAME)";
				SWIFT_OBJC_BRIDGING_HEADER = "SpeedRecognition/SpeedRecognition-Bridging-Header.h";
				SWIFT_OPTIMIZATION_LEVEL = "-Onone";
				SWIFT_VERSION = 3.0;
			};
			name = Debug;
		};
		F23E46511E76BD440051F0EA /* Release */ = {
			isa = XCBuildConfiguration;
			buildSettings = {
				ASSETCATALOG_COMPILER_APPICON_NAME = AppIcon;
				CLANG_ENABLE_MODULES = YES;
				DEVELOPMENT_TEAM = AXEMXHF2MM;
				ENABLE_BITCODE = NO;
				FRAMEWORK_SEARCH_PATHS = (
					"$(inherited)",
					"$(PROJECT_DIR)/Frameworks",
				);
				INFOPLIST_FILE = SpeedRecognition/Info.plist;
				IPHONEOS_DEPLOYMENT_TARGET = 9.0;
				LD_RUNPATH_SEARCH_PATHS = "$(inherited) @executable_path/Frameworks";
				PRODUCT_BUNDLE_IDENTIFIER = com.vsccw.SpeedRecognition;
				PRODUCT_NAME = "$(TARGET_NAME)";
				SWIFT_OBJC_BRIDGING_HEADER = "SpeedRecognition/SpeedRecognition-Bridging-Header.h";
				SWIFT_VERSION = 3.0;
			};
			name = Release;
		};
		F23E46531E76BD440051F0EA /* Debug */ = {
			isa = XCBuildConfiguration;
			buildSettings = {
				ALWAYS_EMBED_SWIFT_STANDARD_LIBRARIES = YES;
				BUNDLE_LOADER = "$(TEST_HOST)";
				INFOPLIST_FILE = SpeedRecognitionTests/Info.plist;
				LD_RUNPATH_SEARCH_PATHS = "$(inherited) @executable_path/Frameworks @loader_path/Frameworks";
				PRODUCT_BUNDLE_IDENTIFIER = com.vsccw.SpeedRecognitionTests;
				PRODUCT_NAME = "$(TARGET_NAME)";
				SWIFT_VERSION = 3.0;
				TEST_HOST = "$(BUILT_PRODUCTS_DIR)/SpeedRecognition.app/SpeedRecognition";
			};
			name = Debug;
		};
		F23E46541E76BD440051F0EA /* Release */ = {
			isa = XCBuildConfiguration;
			buildSettings = {
				ALWAYS_EMBED_SWIFT_STANDARD_LIBRARIES = YES;
				BUNDLE_LOADER = "$(TEST_HOST)";
				INFOPLIST_FILE = SpeedRecognitionTests/Info.plist;
				LD_RUNPATH_SEARCH_PATHS = "$(inherited) @executable_path/Frameworks @loader_path/Frameworks";
				PRODUCT_BUNDLE_IDENTIFIER = com.vsccw.SpeedRecognitionTests;
				PRODUCT_NAME = "$(TARGET_NAME)";
				SWIFT_VERSION = 3.0;
				TEST_HOST = "$(BUILT_PRODUCTS_DIR)/SpeedRecognition.app/SpeedRecognition";
			};
			name = Release;
		};
		F23E46561E76BD440051F0EA /* Debug */ = {
			isa = XCBuildConfiguration;
			buildSettings = {
				ALWAYS_EMBED_SWIFT_STANDARD_LIBRARIES = YES;
				INFOPLIST_FILE = SpeedRecognitionUITests/Info.plist;
				LD_RUNPATH_SEARCH_PATHS = "$(inherited) @executable_path/Frameworks @loader_path/Frameworks";
				PRODUCT_BUNDLE_IDENTIFIER = com.vsccw.SpeedRecognitionUITests;
				PRODUCT_NAME = "$(TARGET_NAME)";
				SWIFT_VERSION = 3.0;
				TEST_TARGET_NAME = SpeedRecognition;
			};
			name = Debug;
		};
		F23E46571E76BD440051F0EA /* Release */ = {
			isa = XCBuildConfiguration;
			buildSettings = {
				ALWAYS_EMBED_SWIFT_STANDARD_LIBRARIES = YES;
				INFOPLIST_FILE = SpeedRecognitionUITests/Info.plist;
				LD_RUNPATH_SEARCH_PATHS = "$(inherited) @executable_path/Frameworks @loader_path/Frameworks";
				PRODUCT_BUNDLE_IDENTIFIER = com.vsccw.SpeedRecognitionUITests;
				PRODUCT_NAME = "$(TARGET_NAME)";
				SWIFT_VERSION = 3.0;
				TEST_TARGET_NAME = SpeedRecognition;
			};
			name = Release;
		};
/* End XCBuildConfiguration section */

/* Begin XCConfigurationList section */
		F23E46221E76BD430051F0EA /* Build configuration list for PBXProject "SpeedRecognition" */ = {
			isa = XCConfigurationList;
			buildConfigurations = (
				F23E464D1E76BD440051F0EA /* Debug */,
				F23E464E1E76BD440051F0EA /* Release */,
			);
			defaultConfigurationIsVisible = 0;
			defaultConfigurationName = Release;
		};
		F23E464F1E76BD440051F0EA /* Build configuration list for PBXNativeTarget "SpeedRecognition" */ = {
			isa = XCConfigurationList;
			buildConfigurations = (
				F23E46501E76BD440051F0EA /* Debug */,
				F23E46511E76BD440051F0EA /* Release */,
			);
			defaultConfigurationIsVisible = 0;
			defaultConfigurationName = Release;
		};
		F23E46521E76BD440051F0EA /* Build configuration list for PBXNativeTarget "SpeedRecognitionTests" */ = {
			isa = XCConfigurationList;
			buildConfigurations = (
				F23E46531E76BD440051F0EA /* Debug */,
				F23E46541E76BD440051F0EA /* Release */,
			);
			defaultConfigurationIsVisible = 0;
			defaultConfigurationName = Release;
		};
		F23E46551E76BD440051F0EA /* Build configuration list for PBXNativeTarget "SpeedRecognitionUITests" */ = {
			isa = XCConfigurationList;
			buildConfigurations = (
				F23E46561E76BD440051F0EA /* Debug */,
				F23E46571E76BD440051F0EA /* Release */,
			);
			defaultConfigurationIsVisible = 0;
			defaultConfigurationName = Release;
		};
/* End XCConfigurationList section */
	};
	rootObject = F23E461F1E76BD430051F0EA /* Project object */;
}
